// !$*UTF8*$!
{
	archiveVersion = 1;
	classes = {
	};
	objectVersion = 46;
	objects = {

/* Begin PBXBuildFile section */
		291479791714BFB900D543F9 /* ImageService.m in Sources */ = {isa = PBXBuildFile; fileRef = 291479781714BFB900D543F9 /* ImageService.m */; };
		29241803170E4CE100BB9FAE /* CommentService.m in Sources */ = {isa = PBXBuildFile; fileRef = 29241802170E4CE100BB9FAE /* CommentService.m */; };
		29241806170E645200BB9FAE /* UserService.m in Sources */ = {isa = PBXBuildFile; fileRef = 29241805170E645200BB9FAE /* UserService.m */; };
		29241809170E651900BB9FAE /* User.m in Sources */ = {isa = PBXBuildFile; fileRef = 29241808170E651900BB9FAE /* User.m */; };
		297672901715CB4A00C756FB /* NSData+Base64.m in Sources */ = {isa = PBXBuildFile; fileRef = 2976728F1715CB4A00C756FB /* NSData+Base64.m */; };
		297672A017162DD300C756FB /* LocationPickerVC.m in Sources */ = {isa = PBXBuildFile; fileRef = 2976729E17162DD300C756FB /* LocationPickerVC.m */; };
		297672A117162DD300C756FB /* LocationPickerVC.xib in Resources */ = {isa = PBXBuildFile; fileRef = 2976729F17162DD300C756FB /* LocationPickerVC.xib */; };
		29829831170D3B08002BA507 /* Comment.m in Sources */ = {isa = PBXBuildFile; fileRef = 29829830170D3B08002BA507 /* Comment.m */; };
		29AB7C591710D199007D9F16 /* CommentCell.m in Sources */ = {isa = PBXBuildFile; fileRef = 29AB7C561710D199007D9F16 /* CommentCell.m */; };
		29AB7C5D1710D1D7007D9F16 /* EditableTextView.m in Sources */ = {isa = PBXBuildFile; fileRef = 29AB7C5C1710D1D7007D9F16 /* EditableTextView.m */; };
		29AB7C621710D30C007D9F16 /* CommentBox.m in Sources */ = {isa = PBXBuildFile; fileRef = 29AB7C611710D30C007D9F16 /* CommentBox.m */; };
		29AB7C651710D328007D9F16 /* ImageScrollEditableTextView.m in Sources */ = {isa = PBXBuildFile; fileRef = 29AB7C641710D328007D9F16 /* ImageScrollEditableTextView.m */; };
		29AB7C681710D341007D9F16 /* TripLocationService.m in Sources */ = {isa = PBXBuildFile; fileRef = 29AB7C671710D341007D9F16 /* TripLocationService.m */; };
		29AB7C6B171117B5007D9F16 /* CommentEnterCell.m in Sources */ = {isa = PBXBuildFile; fileRef = 29AB7C6A171117B4007D9F16 /* CommentEnterCell.m */; };
		29AB7C6E17111A05007D9F16 /* CommentEnterBox.m in Sources */ = {isa = PBXBuildFile; fileRef = 29AB7C6D17111A05007D9F16 /* CommentEnterBox.m */; };
		29AB7C7517113596007D9F16 /* addCommentButton.m in Sources */ = {isa = PBXBuildFile; fileRef = 29AB7C7417113596007D9F16 /* addCommentButton.m */; };
		29C21B94170BA76D005B39E4 /* LocationSmallViewController.m in Sources */ = {isa = PBXBuildFile; fileRef = 29C21B92170BA76D005B39E4 /* LocationSmallViewController.m */; };
		29C21B95170BA76D005B39E4 /* LocationSmallViewController.xib in Resources */ = {isa = PBXBuildFile; fileRef = 29C21B93170BA76D005B39E4 /* LocationSmallViewController.xib */; };
		29C21B98170C9B6E005B39E4 /* Location.m in Sources */ = {isa = PBXBuildFile; fileRef = 29C21B97170C9B6E005B39E4 /* Location.m */; };
		29E2E8A316EFEEFA0010C19B /* RegisterVC.m in Sources */ = {isa = PBXBuildFile; fileRef = 29E2E8A216EFEEFA0010C19B /* RegisterVC.m */; };
		3118BFEE16EFC588006DE2E9 /* compass.png in Resources */ = {isa = PBXBuildFile; fileRef = 3118BFED16EFC588006DE2E9 /* compass.png */; };
		316399B616ECB3F6003B3F0E /* EditTripVC.m in Sources */ = {isa = PBXBuildFile; fileRef = 316399B416ECB3F6003B3F0E /* EditTripVC.m */; };
		316399B716ECB3F6003B3F0E /* EditTripVC.xib in Resources */ = {isa = PBXBuildFile; fileRef = 316399B516ECB3F6003B3F0E /* EditTripVC.xib */; };
		3188B15B16C9CE17008E1D7F /* UIKit.framework in Frameworks */ = {isa = PBXBuildFile; fileRef = 3188B15A16C9CE17008E1D7F /* UIKit.framework */; };
		3188B15D16C9CE17008E1D7F /* Foundation.framework in Frameworks */ = {isa = PBXBuildFile; fileRef = 3188B15C16C9CE17008E1D7F /* Foundation.framework */; };
		3188B15F16C9CE17008E1D7F /* CoreGraphics.framework in Frameworks */ = {isa = PBXBuildFile; fileRef = 3188B15E16C9CE17008E1D7F /* CoreGraphics.framework */; };
		3188B16716C9CE17008E1D7F /* main.m in Sources */ = {isa = PBXBuildFile; fileRef = 3188B16616C9CE17008E1D7F /* main.m */; };
		3188B16B16C9CE17008E1D7F /* AppDelegate.m in Sources */ = {isa = PBXBuildFile; fileRef = 3188B16A16C9CE17008E1D7F /* AppDelegate.m */; };
		3188B19316C9CE6A008E1D7F /* camera.png in Resources */ = {isa = PBXBuildFile; fileRef = 3188B19216C9CE6A008E1D7F /* camera.png */; };
		3188B19616C9CEC0008E1D7F /* man.png in Resources */ = {isa = PBXBuildFile; fileRef = 3188B19416C9CEC0008E1D7F /* man.png */; };
		3188B19716C9CEC0008E1D7F /* map-pin.png in Resources */ = {isa = PBXBuildFile; fileRef = 3188B19516C9CEC0008E1D7F /* map-pin.png */; };
		3188B1A216C9D2B4008E1D7F /* CameraVC.m in Sources */ = {isa = PBXBuildFile; fileRef = 3188B1A016C9D2B4008E1D7F /* CameraVC.m */; };
		3188B1A316C9D2B4008E1D7F /* CameraVC.xib in Resources */ = {isa = PBXBuildFile; fileRef = 3188B1A116C9D2B4008E1D7F /* CameraVC.xib */; };
		3188B1A716C9D34D008E1D7F /* MyTripsVC.m in Sources */ = {isa = PBXBuildFile; fileRef = 3188B1A516C9D34D008E1D7F /* MyTripsVC.m */; };
		3188B1A816C9D34D008E1D7F /* MyTripsVC.xib in Resources */ = {isa = PBXBuildFile; fileRef = 3188B1A616C9D34D008E1D7F /* MyTripsVC.xib */; };
		3188B1AA16C9D4D1008E1D7F /* backpack.png in Resources */ = {isa = PBXBuildFile; fileRef = 3188B1A916C9D4D1008E1D7F /* backpack.png */; };
		3188B1AE16C9D509008E1D7F /* FollowVC.m in Sources */ = {isa = PBXBuildFile; fileRef = 3188B1AC16C9D509008E1D7F /* FollowVC.m */; };
		3188B1AF16C9D509008E1D7F /* FollowVC.xib in Resources */ = {isa = PBXBuildFile; fileRef = 3188B1AD16C9D509008E1D7F /* FollowVC.xib */; };
		3188B1B316C9D5B7008E1D7F /* ProfileVC.m in Sources */ = {isa = PBXBuildFile; fileRef = 3188B1B116C9D5B7008E1D7F /* ProfileVC.m */; };
		3188B1B416C9D5B7008E1D7F /* ProfileVC.xib in Resources */ = {isa = PBXBuildFile; fileRef = 3188B1B216C9D5B7008E1D7F /* ProfileVC.xib */; };
		318BA1B516C9E66800700BB8 /* MapsVC.m in Sources */ = {isa = PBXBuildFile; fileRef = 318BA1B316C9E66800700BB8 /* MapsVC.m */; };
		318BA1B616C9E66800700BB8 /* MapsVC.xib in Resources */ = {isa = PBXBuildFile; fileRef = 318BA1B416C9E66800700BB8 /* MapsVC.xib */; };
		318BC8191719058500F4EB67 /* EditProfileVC.m in Sources */ = {isa = PBXBuildFile; fileRef = 318BC8171719058500F4EB67 /* EditProfileVC.m */; };
		318BC81A1719058500F4EB67 /* EditProfileVC.xib in Resources */ = {isa = PBXBuildFile; fileRef = 318BC8181719058500F4EB67 /* EditProfileVC.xib */; };
		318D8C3716CA9509005A42F6 /* MapKit.framework in Frameworks */ = {isa = PBXBuildFile; fileRef = 318D8C3516CA94E1005A42F6 /* MapKit.framework */; };
		3192AEC5171BA182008F8FB2 /* Default-Landscape~ipad.png in Resources */ = {isa = PBXBuildFile; fileRef = 3192AEC4171BA182008F8FB2 /* Default-Landscape~ipad.png */; };
		3192AEC7171BA196008F8FB2 /* Default-Landscape@2x~ipad.png in Resources */ = {isa = PBXBuildFile; fileRef = 3192AEC6171BA196008F8FB2 /* Default-Landscape@2x~ipad.png */; };
		3192AECA171BACB5008F8FB2 /* FavoriteService.m in Sources */ = {isa = PBXBuildFile; fileRef = 3192AEC9171BACB5008F8FB2 /* FavoriteService.m */; };
		31983A261719CA2F0048A8D7 /* FollowService.m in Sources */ = {isa = PBXBuildFile; fileRef = 31983A251719CA2F0048A8D7 /* FollowService.m */; };
		3910CBB1171BA59A006FA96C /* Default-Portrait~ipad.png in Resources */ = {isa = PBXBuildFile; fileRef = 3910CBB0171BA59A006FA96C /* Default-Portrait~ipad.png */; };
		3910CBB3171BA5B7006FA96C /* Default-Portrait@2x~ipad.png in Resources */ = {isa = PBXBuildFile; fileRef = 3910CBB2171BA5B7006FA96C /* Default-Portrait@2x~ipad.png */; };
		3914480B16EE4B20001B16BE /* mountains.jpeg in Resources */ = {isa = PBXBuildFile; fileRef = 3914480A16EE4B20001B16BE /* mountains.jpeg */; };
		39164F5316EA91C200877549 /* CoreLocation.framework in Frameworks */ = {isa = PBXBuildFile; fileRef = 39164F5216EA91C200877549 /* CoreLocation.framework */; };
		39164F5716EA92C600877549 /* TripViewVC.m in Sources */ = {isa = PBXBuildFile; fileRef = 39164F5516EA92C600877549 /* TripViewVC.m */; };
		39164F5816EA92C600877549 /* TripViewVC.xib in Resources */ = {isa = PBXBuildFile; fileRef = 39164F5616EA92C600877549 /* TripViewVC.xib */; };
		39164F5D16EAA3E000877549 /* AddLocationVC.m in Sources */ = {isa = PBXBuildFile; fileRef = 39164F5B16EAA3E000877549 /* AddLocationVC.m */; };
		39164F5E16EAA3E000877549 /* AddLocationVC.xib in Resources */ = {isa = PBXBuildFile; fileRef = 39164F5C16EAA3E000877549 /* AddLocationVC.xib */; };
		395CD5EE16F03EEA009FD655 /* LocationService.m in Sources */ = {isa = PBXBuildFile; fileRef = 395CD5ED16F03EEA009FD655 /* LocationService.m */; };
		395E625F1715EC0E007AB363 /* CameraService.m in Sources */ = {isa = PBXBuildFile; fileRef = 395E625E1715EC0E007AB363 /* CameraService.m */; };
		3973FE4C1710AC6000D4AAE1 /* MobileCoreServices.framework in Frameworks */ = {isa = PBXBuildFile; fileRef = 3973FE4B1710AC6000D4AAE1 /* MobileCoreServices.framework */; };
		39F5D514171A58FD00F0AE4E /* LocationMapVC.xib in Resources */ = {isa = PBXBuildFile; fileRef = 39F5D512171A58FD00F0AE4E /* LocationMapVC.xib */; };
		39F5D515171A58FD00F0AE4E /* LocationMapVC.m in Sources */ = {isa = PBXBuildFile; fileRef = 39F5D513171A58FD00F0AE4E /* LocationMapVC.m */; };
		3C094FA716EFF74700C537B1 /* TreadsSession.m in Sources */ = {isa = PBXBuildFile; fileRef = 3C094FA616EFF74700C537B1 /* TreadsSession.m */; };
		3C12312416EFCB89006CCBFE /* DataRepository.m in Sources */ = {isa = PBXBuildFile; fileRef = 3C12312316EFCB89006CCBFE /* DataRepository.m */; };
		3C12312716EFCB98006CCBFE /* ProfileService.m in Sources */ = {isa = PBXBuildFile; fileRef = 3C12312616EFCB98006CCBFE /* ProfileService.m */; };
		3C13F52E171A10F800EA6582 /* icon114.png in Resources */ = {isa = PBXBuildFile; fileRef = 3C13F52D171A10F700EA6582 /* icon114.png */; };
		3C13F530171A10FF00EA6582 /* icon57.png in Resources */ = {isa = PBXBuildFile; fileRef = 3C13F52F171A10FF00EA6582 /* icon57.png */; };
		3C13F539171A184300EA6582 /* 404.png in Resources */ = {isa = PBXBuildFile; fileRef = 3C13F538171A184300EA6582 /* 404.png */; };
		3C60C7DB16E7004900FDFD7D /* TripBrowser.m in Sources */ = {isa = PBXBuildFile; fileRef = 3C60C7DA16E7004900FDFD7D /* TripBrowser.m */; };
		3C87B12316F7E7B8000ABF18 /* AppColors.m in Sources */ = {isa = PBXBuildFile; fileRef = 3C87B12216F7E7B8000ABF18 /* AppColors.m */; };
		3C882DC1170D1DF30041A9C8 /* ImageScrollTextView.m in Sources */ = {isa = PBXBuildFile; fileRef = 3C882DC0170D1DF30041A9C8 /* ImageScrollTextView.m */; };
		3C882DC8170D28160041A9C8 /* LocationVC.m in Sources */ = {isa = PBXBuildFile; fileRef = 3C882DC3170D28160041A9C8 /* LocationVC.m */; };
		3C882DC9170D28160041A9C8 /* LocationVC.xib in Resources */ = {isa = PBXBuildFile; fileRef = 3C882DC4170D28160041A9C8 /* LocationVC.xib */; };
		3C882DCA170D28160041A9C8 /* LocationViewController.m in Sources */ = {isa = PBXBuildFile; fileRef = 3C882DC6170D28160041A9C8 /* LocationViewController.m */; };
		3C882DCB170D28160041A9C8 /* LocationViewController.xib in Resources */ = {isa = PBXBuildFile; fileRef = 3C882DC7170D28160041A9C8 /* LocationViewController.xib */; };
		3C89482D170B560600EEEED0 /* map_preview.png in Resources */ = {isa = PBXBuildFile; fileRef = 3C89482C170B560600EEEED0 /* map_preview.png */; };
		3C8A8852171B1C620076ED31 /* empty_item.png in Resources */ = {isa = PBXBuildFile; fileRef = 3C8A8851171B1C620076ED31 /* empty_item.png */; };
		3C8A8855171B20B80076ED31 /* ImageCache.m in Sources */ = {isa = PBXBuildFile; fileRef = 3C8A8854171B20B80076ED31 /* ImageCache.m */; };
		3C8A8858171B5F460076ED31 /* ProfileBrowserCell.m in Sources */ = {isa = PBXBuildFile; fileRef = 3C8A8857171B5F450076ED31 /* ProfileBrowserCell.m */; };
		3C8A885E171C464E0076ED31 /* ProfileHeaderCell.m in Sources */ = {isa = PBXBuildFile; fileRef = 3C8A885D171C464C0076ED31 /* ProfileHeaderCell.m */; };
		3C8A908C16E7DAA2007F0BB8 /* Default-568h@2x.png in Resources */ = {isa = PBXBuildFile; fileRef = 3C8A908B16E7DAA2007F0BB8 /* Default-568h@2x.png */; };
		3C8A909016E7DFC8007F0BB8 /* Trip.m in Sources */ = {isa = PBXBuildFile; fileRef = 3C8A908F16E7DFC8007F0BB8 /* Trip.m */; };
		3C8AC26D16E82BE30070271E /* TripService.m in Sources */ = {isa = PBXBuildFile; fileRef = 3C8AC26C16E82BE30070271E /* TripService.m */; };
		3C906BEF16F7A8B2009C75BF /* TripBrowserCell.m in Sources */ = {isa = PBXBuildFile; fileRef = 3C906BEE16F7A8B2009C75BF /* TripBrowserCell.m */; };
		3C90D6FE17236C0B00DE38BB /* button_blue_select.png in Resources */ = {isa = PBXBuildFile; fileRef = 3C90D6FA17236C0B00DE38BB /* button_blue_select.png */; };
		3C90D6FF17236C0B00DE38BB /* button_blue_unselect.png in Resources */ = {isa = PBXBuildFile; fileRef = 3C90D6FB17236C0B00DE38BB /* button_blue_unselect.png */; };
		3C90D70017236C0B00DE38BB /* button_red_select.png in Resources */ = {isa = PBXBuildFile; fileRef = 3C90D6FC17236C0B00DE38BB /* button_red_select.png */; };
		3C90D70117236C0B00DE38BB /* button_red_unselect.png in Resources */ = {isa = PBXBuildFile; fileRef = 3C90D6FD17236C0B00DE38BB /* button_red_unselect.png */; };
		3C919D5E17149FC300FED52D /* ImageScrollEditItemView.m in Sources */ = {isa = PBXBuildFile; fileRef = 3C919D5D17149FC300FED52D /* ImageScrollEditItemView.m */; };
		3C954922172469DF006E0BE7 /* icon_arrow.png in Resources */ = {isa = PBXBuildFile; fileRef = 3C95491D172469DF006E0BE7 /* icon_arrow.png */; };
		3C954923172469DF006E0BE7 /* icon_minus.png in Resources */ = {isa = PBXBuildFile; fileRef = 3C95491E172469DF006E0BE7 /* icon_minus.png */; };
		3C954924172469DF006E0BE7 /* icon_pencil.png in Resources */ = {isa = PBXBuildFile; fileRef = 3C95491F172469DF006E0BE7 /* icon_pencil.png */; };
		3C954925172469DF006E0BE7 /* icon_plus.png in Resources */ = {isa = PBXBuildFile; fileRef = 3C954920172469DF006E0BE7 /* icon_plus.png */; };
		3C954926172469DF006E0BE7 /* icon_star.png in Resources */ = {isa = PBXBuildFile; fileRef = 3C954921172469DF006E0BE7 /* icon_star.png */; };
		3C958FEE16EA6C4F0038AD7C /* helicopter-bouldering-crash-pad.jpg in Resources */ = {isa = PBXBuildFile; fileRef = 3C958FEA16EA6C4F0038AD7C /* helicopter-bouldering-crash-pad.jpg */; };
		3C958FEF16EA6C4F0038AD7C /* remote-luxury-hiking-canada.jpg in Resources */ = {isa = PBXBuildFile; fileRef = 3C958FEB16EA6C4F0038AD7C /* remote-luxury-hiking-canada.jpg */; };
		3C958FF016EA6C4F0038AD7C /* summit-boots-hiking-rocks.jpg in Resources */ = {isa = PBXBuildFile; fileRef = 3C958FEC16EA6C4F0038AD7C /* summit-boots-hiking-rocks.jpg */; };
		3C958FF116EA6C4F0038AD7C /* virgin_river_hiking.jpg in Resources */ = {isa = PBXBuildFile; fileRef = 3C958FED16EA6C4F0038AD7C /* virgin_river_hiking.jpg */; };
		3C958FF716EA6CED0038AD7C /* LoginVC.m in Sources */ = {isa = PBXBuildFile; fileRef = 3C958FF516EA6CED0038AD7C /* LoginVC.m */; };
		3C958FF816EA6CED0038AD7C /* LoginVC.xib in Resources */ = {isa = PBXBuildFile; fileRef = 3C958FF616EA6CED0038AD7C /* LoginVC.xib */; };
		3C958FFD16EA6CFF0038AD7C /* RegisterVC.xib in Resources */ = {isa = PBXBuildFile; fileRef = 3C958FFB16EA6CFF0038AD7C /* RegisterVC.xib */; };
		3C95900416EA6D220038AD7C /* MapPinAnnotation.m in Sources */ = {isa = PBXBuildFile; fileRef = 3C958FFF16EA6D220038AD7C /* MapPinAnnotation.m */; };
		3C95900516EA6D220038AD7C /* Path.m in Sources */ = {isa = PBXBuildFile; fileRef = 3C95900116EA6D220038AD7C /* Path.m */; };
		3C95900816EA6DFE0038AD7C /* WindowsAzureMobileServices.framework in Frameworks */ = {isa = PBXBuildFile; fileRef = 3C95900716EA6DFE0038AD7C /* WindowsAzureMobileServices.framework */; };
		3C96E23E16FCEB3A007FA511 /* ImageScrollBrowser.m in Sources */ = {isa = PBXBuildFile; fileRef = 3C96E23D16FCEB3A007FA511 /* ImageScrollBrowser.m */; };
		3C9DA9E916F91B47009EEED7 /* TripViewer.m in Sources */ = {isa = PBXBuildFile; fileRef = 3C9DA9E816F91B47009EEED7 /* TripViewer.m */; };
		3C9DA9EE16F91BE9009EEED7 /* TripViewerHeaderCell.m in Sources */ = {isa = PBXBuildFile; fileRef = 3C9DA9ED16F91BE9009EEED7 /* TripViewerHeaderCell.m */; };
		3C9DA9F116F91BF9009EEED7 /* TripViewerLocationCell.m in Sources */ = {isa = PBXBuildFile; fileRef = 3C9DA9F016F91BF9009EEED7 /* TripViewerLocationCell.m */; };
		3C9DA9F416F91C1F009EEED7 /* TripViewerAddCell.m in Sources */ = {isa = PBXBuildFile; fileRef = 3C9DA9F316F91C1F009EEED7 /* TripViewerAddCell.m */; };
		3C9DA9F716F92262009EEED7 /* TripLocation.m in Sources */ = {isa = PBXBuildFile; fileRef = 3C9DA9F616F92262009EEED7 /* TripLocation.m */; };
		3C9DA9FB16F92422009EEED7 /* TripLocationItem.m in Sources */ = {isa = PBXBuildFile; fileRef = 3C9DA9FA16F92422009EEED7 /* TripLocationItem.m */; };
/* End PBXBuildFile section */

/* Begin PBXFileReference section */
		291479771714BFB900D543F9 /* ImageService.h */ = {isa = PBXFileReference; fileEncoding = 4; lastKnownFileType = sourcecode.c.h; name = ImageService.h; path = treads/ImageService.h; sourceTree = SOURCE_ROOT; };
		291479781714BFB900D543F9 /* ImageService.m */ = {isa = PBXFileReference; fileEncoding = 4; lastKnownFileType = sourcecode.c.objc; name = ImageService.m; path = treads/ImageService.m; sourceTree = SOURCE_ROOT; };
		29241801170E4CE100BB9FAE /* CommentService.h */ = {isa = PBXFileReference; fileEncoding = 4; lastKnownFileType = sourcecode.c.h; name = CommentService.h; path = treads/CommentService.h; sourceTree = SOURCE_ROOT; };
		29241802170E4CE100BB9FAE /* CommentService.m */ = {isa = PBXFileReference; fileEncoding = 4; lastKnownFileType = sourcecode.c.objc; name = CommentService.m; path = treads/CommentService.m; sourceTree = SOURCE_ROOT; };
		29241804170E645200BB9FAE /* UserService.h */ = {isa = PBXFileReference; fileEncoding = 4; lastKnownFileType = sourcecode.c.h; name = UserService.h; path = treads/UserService.h; sourceTree = SOURCE_ROOT; };
		29241805170E645200BB9FAE /* UserService.m */ = {isa = PBXFileReference; fileEncoding = 4; lastKnownFileType = sourcecode.c.objc; name = UserService.m; path = treads/UserService.m; sourceTree = SOURCE_ROOT; };
		29241807170E651800BB9FAE /* User.h */ = {isa = PBXFileReference; fileEncoding = 4; lastKnownFileType = sourcecode.c.h; name = User.h; path = treads/User.h; sourceTree = SOURCE_ROOT; };
		29241808170E651900BB9FAE /* User.m */ = {isa = PBXFileReference; fileEncoding = 4; lastKnownFileType = sourcecode.c.objc; name = User.m; path = treads/User.m; sourceTree = SOURCE_ROOT; };
		296CC3F816FCEA7C0089F1F1 /* treads.entitlements */ = {isa = PBXFileReference; lastKnownFileType = text.xml; name = treads.entitlements; path = treads/treads.entitlements; sourceTree = "<group>"; };
		2976728E1715CB4A00C756FB /* NSData+Base64.h */ = {isa = PBXFileReference; fileEncoding = 4; lastKnownFileType = sourcecode.c.h; name = "NSData+Base64.h"; path = "treads/NSData+Base64.h"; sourceTree = SOURCE_ROOT; };
		2976728F1715CB4A00C756FB /* NSData+Base64.m */ = {isa = PBXFileReference; fileEncoding = 4; lastKnownFileType = sourcecode.c.objc; name = "NSData+Base64.m"; path = "treads/NSData+Base64.m"; sourceTree = SOURCE_ROOT; };
		2976729D17162DD300C756FB /* LocationPickerVC.h */ = {isa = PBXFileReference; fileEncoding = 4; lastKnownFileType = sourcecode.c.h; name = LocationPickerVC.h; path = treads/LocationPickerVC.h; sourceTree = SOURCE_ROOT; };
		2976729E17162DD300C756FB /* LocationPickerVC.m */ = {isa = PBXFileReference; fileEncoding = 4; lastKnownFileType = sourcecode.c.objc; name = LocationPickerVC.m; path = treads/LocationPickerVC.m; sourceTree = SOURCE_ROOT; };
		2976729F17162DD300C756FB /* LocationPickerVC.xib */ = {isa = PBXFileReference; fileEncoding = 4; lastKnownFileType = file.xib; name = LocationPickerVC.xib; path = treads/LocationPickerVC.xib; sourceTree = SOURCE_ROOT; };
		2982982F170D3B07002BA507 /* Comment.h */ = {isa = PBXFileReference; fileEncoding = 4; lastKnownFileType = sourcecode.c.h; name = Comment.h; path = treads/Comment.h; sourceTree = SOURCE_ROOT; };
		29829830170D3B08002BA507 /* Comment.m */ = {isa = PBXFileReference; fileEncoding = 4; lastKnownFileType = sourcecode.c.objc; name = Comment.m; path = treads/Comment.m; sourceTree = SOURCE_ROOT; };
		29AB7C551710D199007D9F16 /* CommentCell.h */ = {isa = PBXFileReference; fileEncoding = 4; lastKnownFileType = sourcecode.c.h; name = CommentCell.h; path = treads/CommentCell.h; sourceTree = SOURCE_ROOT; };
		29AB7C561710D199007D9F16 /* CommentCell.m */ = {isa = PBXFileReference; fileEncoding = 4; lastKnownFileType = sourcecode.c.objc; name = CommentCell.m; path = treads/CommentCell.m; sourceTree = SOURCE_ROOT; };
		29AB7C5B1710D1D7007D9F16 /* EditableTextView.h */ = {isa = PBXFileReference; fileEncoding = 4; lastKnownFileType = sourcecode.c.h; name = EditableTextView.h; path = treads/EditableTextView.h; sourceTree = SOURCE_ROOT; };
		29AB7C5C1710D1D7007D9F16 /* EditableTextView.m */ = {isa = PBXFileReference; fileEncoding = 4; lastKnownFileType = sourcecode.c.objc; name = EditableTextView.m; path = treads/EditableTextView.m; sourceTree = SOURCE_ROOT; };
		29AB7C601710D30C007D9F16 /* CommentBox.h */ = {isa = PBXFileReference; fileEncoding = 4; lastKnownFileType = sourcecode.c.h; name = CommentBox.h; path = treads/CommentBox.h; sourceTree = SOURCE_ROOT; };
		29AB7C611710D30C007D9F16 /* CommentBox.m */ = {isa = PBXFileReference; fileEncoding = 4; lastKnownFileType = sourcecode.c.objc; name = CommentBox.m; path = treads/CommentBox.m; sourceTree = SOURCE_ROOT; };
		29AB7C631710D328007D9F16 /* ImageScrollEditableTextView.h */ = {isa = PBXFileReference; fileEncoding = 4; lastKnownFileType = sourcecode.c.h; name = ImageScrollEditableTextView.h; path = treads/ImageScrollEditableTextView.h; sourceTree = SOURCE_ROOT; };
		29AB7C641710D328007D9F16 /* ImageScrollEditableTextView.m */ = {isa = PBXFileReference; fileEncoding = 4; lastKnownFileType = sourcecode.c.objc; name = ImageScrollEditableTextView.m; path = treads/ImageScrollEditableTextView.m; sourceTree = SOURCE_ROOT; };
		29AB7C661710D341007D9F16 /* TripLocationService.h */ = {isa = PBXFileReference; fileEncoding = 4; lastKnownFileType = sourcecode.c.h; name = TripLocationService.h; path = treads/TripLocationService.h; sourceTree = SOURCE_ROOT; };
		29AB7C671710D341007D9F16 /* TripLocationService.m */ = {isa = PBXFileReference; fileEncoding = 4; lastKnownFileType = sourcecode.c.objc; name = TripLocationService.m; path = treads/TripLocationService.m; sourceTree = SOURCE_ROOT; };
		29AB7C69171117B3007D9F16 /* CommentEnterCell.h */ = {isa = PBXFileReference; fileEncoding = 4; lastKnownFileType = sourcecode.c.h; name = CommentEnterCell.h; path = treads/CommentEnterCell.h; sourceTree = SOURCE_ROOT; };
		29AB7C6A171117B4007D9F16 /* CommentEnterCell.m */ = {isa = PBXFileReference; fileEncoding = 4; lastKnownFileType = sourcecode.c.objc; name = CommentEnterCell.m; path = treads/CommentEnterCell.m; sourceTree = SOURCE_ROOT; };
		29AB7C6C17111A04007D9F16 /* CommentEnterBox.h */ = {isa = PBXFileReference; fileEncoding = 4; lastKnownFileType = sourcecode.c.h; name = CommentEnterBox.h; path = treads/CommentEnterBox.h; sourceTree = SOURCE_ROOT; };
		29AB7C6D17111A05007D9F16 /* CommentEnterBox.m */ = {isa = PBXFileReference; fileEncoding = 4; lastKnownFileType = sourcecode.c.objc; name = CommentEnterBox.m; path = treads/CommentEnterBox.m; sourceTree = SOURCE_ROOT; };
		29AB7C7317113596007D9F16 /* addCommentButton.h */ = {isa = PBXFileReference; fileEncoding = 4; lastKnownFileType = sourcecode.c.h; name = addCommentButton.h; path = treads/addCommentButton.h; sourceTree = SOURCE_ROOT; };
		29AB7C7417113596007D9F16 /* addCommentButton.m */ = {isa = PBXFileReference; fileEncoding = 4; lastKnownFileType = sourcecode.c.objc; name = addCommentButton.m; path = treads/addCommentButton.m; sourceTree = SOURCE_ROOT; };
		29C21B91170BA76D005B39E4 /* LocationSmallViewController.h */ = {isa = PBXFileReference; fileEncoding = 4; lastKnownFileType = sourcecode.c.h; name = LocationSmallViewController.h; path = treads/LocationSmallViewController.h; sourceTree = SOURCE_ROOT; };
		29C21B92170BA76D005B39E4 /* LocationSmallViewController.m */ = {isa = PBXFileReference; fileEncoding = 4; lastKnownFileType = sourcecode.c.objc; name = LocationSmallViewController.m; path = treads/LocationSmallViewController.m; sourceTree = SOURCE_ROOT; };
		29C21B93170BA76D005B39E4 /* LocationSmallViewController.xib */ = {isa = PBXFileReference; fileEncoding = 4; lastKnownFileType = file.xib; name = LocationSmallViewController.xib; path = treads/LocationSmallViewController.xib; sourceTree = SOURCE_ROOT; };
		29C21B96170C9B6D005B39E4 /* Location.h */ = {isa = PBXFileReference; fileEncoding = 4; lastKnownFileType = sourcecode.c.h; name = Location.h; path = treads/Location.h; sourceTree = SOURCE_ROOT; };
		29C21B97170C9B6E005B39E4 /* Location.m */ = {isa = PBXFileReference; fileEncoding = 4; lastKnownFileType = sourcecode.c.objc; name = Location.m; path = treads/Location.m; sourceTree = SOURCE_ROOT; };
		29E2E8A216EFEEFA0010C19B /* RegisterVC.m */ = {isa = PBXFileReference; fileEncoding = 4; lastKnownFileType = sourcecode.c.objc; name = RegisterVC.m; path = treads/RegisterVC.m; sourceTree = SOURCE_ROOT; };
		3118BFED16EFC588006DE2E9 /* compass.png */ = {isa = PBXFileReference; lastKnownFileType = image.png; path = compass.png; sourceTree = "<group>"; };
		316399B316ECB3F6003B3F0E /* EditTripVC.h */ = {isa = PBXFileReference; fileEncoding = 4; lastKnownFileType = sourcecode.c.h; name = EditTripVC.h; path = treads/EditTripVC.h; sourceTree = SOURCE_ROOT; };
		316399B416ECB3F6003B3F0E /* EditTripVC.m */ = {isa = PBXFileReference; fileEncoding = 4; lastKnownFileType = sourcecode.c.objc; name = EditTripVC.m; path = treads/EditTripVC.m; sourceTree = SOURCE_ROOT; };
		316399B516ECB3F6003B3F0E /* EditTripVC.xib */ = {isa = PBXFileReference; fileEncoding = 4; lastKnownFileType = file.xib; name = EditTripVC.xib; path = treads/EditTripVC.xib; sourceTree = SOURCE_ROOT; };
		3188B15716C9CE17008E1D7F /* treads.app */ = {isa = PBXFileReference; explicitFileType = wrapper.application; includeInIndex = 0; path = treads.app; sourceTree = BUILT_PRODUCTS_DIR; };
		3188B15A16C9CE17008E1D7F /* UIKit.framework */ = {isa = PBXFileReference; lastKnownFileType = wrapper.framework; name = UIKit.framework; path = System/Library/Frameworks/UIKit.framework; sourceTree = SDKROOT; };
		3188B15C16C9CE17008E1D7F /* Foundation.framework */ = {isa = PBXFileReference; lastKnownFileType = wrapper.framework; name = Foundation.framework; path = System/Library/Frameworks/Foundation.framework; sourceTree = SDKROOT; };
		3188B15E16C9CE17008E1D7F /* CoreGraphics.framework */ = {isa = PBXFileReference; lastKnownFileType = wrapper.framework; name = CoreGraphics.framework; path = System/Library/Frameworks/CoreGraphics.framework; sourceTree = SDKROOT; };
		3188B16216C9CE17008E1D7F /* treads-Info.plist */ = {isa = PBXFileReference; lastKnownFileType = text.plist.xml; path = "treads-Info.plist"; sourceTree = "<group>"; };
		3188B16616C9CE17008E1D7F /* main.m */ = {isa = PBXFileReference; lastKnownFileType = sourcecode.c.objc; path = main.m; sourceTree = "<group>"; };
		3188B16816C9CE17008E1D7F /* treads-Prefix.pch */ = {isa = PBXFileReference; lastKnownFileType = sourcecode.c.h; path = "treads-Prefix.pch"; sourceTree = "<group>"; };
		3188B16916C9CE17008E1D7F /* AppDelegate.h */ = {isa = PBXFileReference; lastKnownFileType = sourcecode.c.h; path = AppDelegate.h; sourceTree = "<group>"; };
		3188B16A16C9CE17008E1D7F /* AppDelegate.m */ = {isa = PBXFileReference; lastKnownFileType = sourcecode.c.objc; path = AppDelegate.m; sourceTree = "<group>"; };
		3188B19216C9CE6A008E1D7F /* camera.png */ = {isa = PBXFileReference; lastKnownFileType = image.png; path = camera.png; sourceTree = "<group>"; };
		3188B19416C9CEC0008E1D7F /* man.png */ = {isa = PBXFileReference; lastKnownFileType = image.png; path = man.png; sourceTree = "<group>"; };
		3188B19516C9CEC0008E1D7F /* map-pin.png */ = {isa = PBXFileReference; lastKnownFileType = image.png; path = "map-pin.png"; sourceTree = "<group>"; };
		3188B19F16C9D2B4008E1D7F /* CameraVC.h */ = {isa = PBXFileReference; fileEncoding = 4; lastKnownFileType = sourcecode.c.h; path = CameraVC.h; sourceTree = "<group>"; };
		3188B1A016C9D2B4008E1D7F /* CameraVC.m */ = {isa = PBXFileReference; fileEncoding = 4; lastKnownFileType = sourcecode.c.objc; path = CameraVC.m; sourceTree = "<group>"; };
		3188B1A116C9D2B4008E1D7F /* CameraVC.xib */ = {isa = PBXFileReference; fileEncoding = 4; lastKnownFileType = file.xib; path = CameraVC.xib; sourceTree = "<group>"; };
		3188B1A416C9D34D008E1D7F /* MyTripsVC.h */ = {isa = PBXFileReference; fileEncoding = 4; lastKnownFileType = sourcecode.c.h; path = MyTripsVC.h; sourceTree = "<group>"; };
		3188B1A516C9D34D008E1D7F /* MyTripsVC.m */ = {isa = PBXFileReference; fileEncoding = 4; lastKnownFileType = sourcecode.c.objc; path = MyTripsVC.m; sourceTree = "<group>"; };
		3188B1A616C9D34D008E1D7F /* MyTripsVC.xib */ = {isa = PBXFileReference; fileEncoding = 4; lastKnownFileType = file.xib; path = MyTripsVC.xib; sourceTree = "<group>"; };
		3188B1A916C9D4D1008E1D7F /* backpack.png */ = {isa = PBXFileReference; lastKnownFileType = image.png; path = backpack.png; sourceTree = "<group>"; };
		3188B1AB16C9D508008E1D7F /* FollowVC.h */ = {isa = PBXFileReference; fileEncoding = 4; lastKnownFileType = sourcecode.c.h; path = FollowVC.h; sourceTree = "<group>"; };
		3188B1AC16C9D509008E1D7F /* FollowVC.m */ = {isa = PBXFileReference; fileEncoding = 4; lastKnownFileType = sourcecode.c.objc; path = FollowVC.m; sourceTree = "<group>"; };
		3188B1AD16C9D509008E1D7F /* FollowVC.xib */ = {isa = PBXFileReference; fileEncoding = 4; lastKnownFileType = file.xib; path = FollowVC.xib; sourceTree = "<group>"; };
		3188B1B016C9D5B7008E1D7F /* ProfileVC.h */ = {isa = PBXFileReference; fileEncoding = 4; lastKnownFileType = sourcecode.c.h; path = ProfileVC.h; sourceTree = "<group>"; };
		3188B1B116C9D5B7008E1D7F /* ProfileVC.m */ = {isa = PBXFileReference; fileEncoding = 4; lastKnownFileType = sourcecode.c.objc; path = ProfileVC.m; sourceTree = "<group>"; };
		3188B1B216C9D5B7008E1D7F /* ProfileVC.xib */ = {isa = PBXFileReference; fileEncoding = 4; lastKnownFileType = file.xib; path = ProfileVC.xib; sourceTree = "<group>"; };
		318BA1B216C9E66800700BB8 /* MapsVC.h */ = {isa = PBXFileReference; fileEncoding = 4; lastKnownFileType = sourcecode.c.h; path = MapsVC.h; sourceTree = "<group>"; };
		318BA1B316C9E66800700BB8 /* MapsVC.m */ = {isa = PBXFileReference; fileEncoding = 4; lastKnownFileType = sourcecode.c.objc; path = MapsVC.m; sourceTree = "<group>"; };
		318BA1B416C9E66800700BB8 /* MapsVC.xib */ = {isa = PBXFileReference; fileEncoding = 4; lastKnownFileType = file.xib; path = MapsVC.xib; sourceTree = "<group>"; };
		318BC8161719058500F4EB67 /* EditProfileVC.h */ = {isa = PBXFileReference; fileEncoding = 4; lastKnownFileType = sourcecode.c.h; name = EditProfileVC.h; path = treads/EditProfileVC.h; sourceTree = SOURCE_ROOT; };
		318BC8171719058500F4EB67 /* EditProfileVC.m */ = {isa = PBXFileReference; fileEncoding = 4; lastKnownFileType = sourcecode.c.objc; name = EditProfileVC.m; path = treads/EditProfileVC.m; sourceTree = SOURCE_ROOT; };
		318BC8181719058500F4EB67 /* EditProfileVC.xib */ = {isa = PBXFileReference; fileEncoding = 4; lastKnownFileType = file.xib; name = EditProfileVC.xib; path = treads/EditProfileVC.xib; sourceTree = SOURCE_ROOT; };
		318D8C3516CA94E1005A42F6 /* MapKit.framework */ = {isa = PBXFileReference; lastKnownFileType = wrapper.framework; name = MapKit.framework; path = System/Library/Frameworks/MapKit.framework; sourceTree = SDKROOT; };
		3192AEC4171BA182008F8FB2 /* Default-Landscape~ipad.png */ = {isa = PBXFileReference; lastKnownFileType = image.png; path = "Default-Landscape~ipad.png"; sourceTree = "<group>"; };
		3192AEC6171BA196008F8FB2 /* Default-Landscape@2x~ipad.png */ = {isa = PBXFileReference; lastKnownFileType = image.png; path = "Default-Landscape@2x~ipad.png"; sourceTree = "<group>"; };
		3192AEC8171BACB5008F8FB2 /* FavoriteService.h */ = {isa = PBXFileReference; fileEncoding = 4; lastKnownFileType = sourcecode.c.h; name = FavoriteService.h; path = treads/FavoriteService.h; sourceTree = SOURCE_ROOT; };
		3192AEC9171BACB5008F8FB2 /* FavoriteService.m */ = {isa = PBXFileReference; fileEncoding = 4; lastKnownFileType = sourcecode.c.objc; name = FavoriteService.m; path = treads/FavoriteService.m; sourceTree = SOURCE_ROOT; };
		31983A241719CA2F0048A8D7 /* FollowService.h */ = {isa = PBXFileReference; fileEncoding = 4; lastKnownFileType = sourcecode.c.h; name = FollowService.h; path = treads/FollowService.h; sourceTree = SOURCE_ROOT; };
		31983A251719CA2F0048A8D7 /* FollowService.m */ = {isa = PBXFileReference; fileEncoding = 4; lastKnownFileType = sourcecode.c.objc; name = FollowService.m; path = treads/FollowService.m; sourceTree = SOURCE_ROOT; };
		3910CBB0171BA59A006FA96C /* Default-Portrait~ipad.png */ = {isa = PBXFileReference; lastKnownFileType = image.png; path = "Default-Portrait~ipad.png"; sourceTree = "<group>"; };
		3910CBB2171BA5B7006FA96C /* Default-Portrait@2x~ipad.png */ = {isa = PBXFileReference; lastKnownFileType = image.png; path = "Default-Portrait@2x~ipad.png"; sourceTree = "<group>"; };
		3914480A16EE4B20001B16BE /* mountains.jpeg */ = {isa = PBXFileReference; lastKnownFileType = image.jpeg; name = mountains.jpeg; path = treads/mountains.jpeg; sourceTree = SOURCE_ROOT; };
		39164F5216EA91C200877549 /* CoreLocation.framework */ = {isa = PBXFileReference; lastKnownFileType = wrapper.framework; name = CoreLocation.framework; path = System/Library/Frameworks/CoreLocation.framework; sourceTree = SDKROOT; };
		39164F5416EA92C600877549 /* TripViewVC.h */ = {isa = PBXFileReference; fileEncoding = 4; lastKnownFileType = sourcecode.c.h; name = TripViewVC.h; path = treads/TripViewVC.h; sourceTree = SOURCE_ROOT; };
		39164F5516EA92C600877549 /* TripViewVC.m */ = {isa = PBXFileReference; fileEncoding = 4; lastKnownFileType = sourcecode.c.objc; name = TripViewVC.m; path = treads/TripViewVC.m; sourceTree = SOURCE_ROOT; };
		39164F5616EA92C600877549 /* TripViewVC.xib */ = {isa = PBXFileReference; fileEncoding = 4; lastKnownFileType = file.xib; name = TripViewVC.xib; path = treads/TripViewVC.xib; sourceTree = SOURCE_ROOT; };
		39164F5A16EAA3E000877549 /* AddLocationVC.h */ = {isa = PBXFileReference; fileEncoding = 4; lastKnownFileType = sourcecode.c.h; name = AddLocationVC.h; path = treads/AddLocationVC.h; sourceTree = SOURCE_ROOT; };
		39164F5B16EAA3E000877549 /* AddLocationVC.m */ = {isa = PBXFileReference; fileEncoding = 4; lastKnownFileType = sourcecode.c.objc; name = AddLocationVC.m; path = treads/AddLocationVC.m; sourceTree = SOURCE_ROOT; };
		39164F5C16EAA3E000877549 /* AddLocationVC.xib */ = {isa = PBXFileReference; fileEncoding = 4; lastKnownFileType = file.xib; name = AddLocationVC.xib; path = treads/AddLocationVC.xib; sourceTree = SOURCE_ROOT; };
		395CD5EC16F03EEA009FD655 /* LocationService.h */ = {isa = PBXFileReference; fileEncoding = 4; lastKnownFileType = sourcecode.c.h; name = LocationService.h; path = treads/LocationService.h; sourceTree = SOURCE_ROOT; };
		395CD5ED16F03EEA009FD655 /* LocationService.m */ = {isa = PBXFileReference; fileEncoding = 4; lastKnownFileType = sourcecode.c.objc; name = LocationService.m; path = treads/LocationService.m; sourceTree = SOURCE_ROOT; };
		395E625D1715EC0E007AB363 /* CameraService.h */ = {isa = PBXFileReference; fileEncoding = 4; lastKnownFileType = sourcecode.c.h; path = CameraService.h; sourceTree = "<group>"; };
		395E625E1715EC0E007AB363 /* CameraService.m */ = {isa = PBXFileReference; fileEncoding = 4; lastKnownFileType = sourcecode.c.objc; path = CameraService.m; sourceTree = "<group>"; };
		3973FE4B1710AC6000D4AAE1 /* MobileCoreServices.framework */ = {isa = PBXFileReference; lastKnownFileType = wrapper.framework; name = MobileCoreServices.framework; path = System/Library/Frameworks/MobileCoreServices.framework; sourceTree = SDKROOT; };
		39F5D511171A58FD00F0AE4E /* LocationMapVC.h */ = {isa = PBXFileReference; fileEncoding = 4; lastKnownFileType = sourcecode.c.h; path = LocationMapVC.h; sourceTree = "<group>"; };
		39F5D512171A58FD00F0AE4E /* LocationMapVC.xib */ = {isa = PBXFileReference; fileEncoding = 4; lastKnownFileType = file.xib; path = LocationMapVC.xib; sourceTree = "<group>"; };
		39F5D513171A58FD00F0AE4E /* LocationMapVC.m */ = {isa = PBXFileReference; fileEncoding = 4; lastKnownFileType = sourcecode.c.objc; path = LocationMapVC.m; sourceTree = "<group>"; };
		3C04028C16F6B8CA0030D8BA /* TreadsService.h */ = {isa = PBXFileReference; lastKnownFileType = sourcecode.c.h; name = TreadsService.h; path = treads/TreadsService.h; sourceTree = SOURCE_ROOT; };
		3C094FA516EFF74700C537B1 /* TreadsSession.h */ = {isa = PBXFileReference; fileEncoding = 4; lastKnownFileType = sourcecode.c.h; name = TreadsSession.h; path = treads/TreadsSession.h; sourceTree = SOURCE_ROOT; };
		3C094FA616EFF74700C537B1 /* TreadsSession.m */ = {isa = PBXFileReference; fileEncoding = 4; lastKnownFileType = sourcecode.c.objc; name = TreadsSession.m; path = treads/TreadsSession.m; sourceTree = SOURCE_ROOT; };
		3C12312216EFCB89006CCBFE /* DataRepository.h */ = {isa = PBXFileReference; fileEncoding = 4; lastKnownFileType = sourcecode.c.h; name = DataRepository.h; path = treads/DataRepository.h; sourceTree = SOURCE_ROOT; };
		3C12312316EFCB89006CCBFE /* DataRepository.m */ = {isa = PBXFileReference; fileEncoding = 4; lastKnownFileType = sourcecode.c.objc; name = DataRepository.m; path = treads/DataRepository.m; sourceTree = SOURCE_ROOT; };
		3C12312516EFCB98006CCBFE /* ProfileService.h */ = {isa = PBXFileReference; fileEncoding = 4; lastKnownFileType = sourcecode.c.h; name = ProfileService.h; path = treads/ProfileService.h; sourceTree = SOURCE_ROOT; };
		3C12312616EFCB98006CCBFE /* ProfileService.m */ = {isa = PBXFileReference; fileEncoding = 4; lastKnownFileType = sourcecode.c.objc; name = ProfileService.m; path = treads/ProfileService.m; sourceTree = SOURCE_ROOT; };
		3C13F52D171A10F700EA6582 /* icon114.png */ = {isa = PBXFileReference; lastKnownFileType = image.png; path = icon114.png; sourceTree = "<group>"; };
		3C13F52F171A10FF00EA6582 /* icon57.png */ = {isa = PBXFileReference; lastKnownFileType = image.png; path = icon57.png; sourceTree = "<group>"; };
		3C13F538171A184300EA6582 /* 404.png */ = {isa = PBXFileReference; lastKnownFileType = image.png; path = 404.png; sourceTree = "<group>"; };
		3C60C7D916E7004900FDFD7D /* TripBrowser.h */ = {isa = PBXFileReference; fileEncoding = 4; lastKnownFileType = sourcecode.c.h; name = TripBrowser.h; path = treads/TripBrowser.h; sourceTree = SOURCE_ROOT; };
		3C60C7DA16E7004900FDFD7D /* TripBrowser.m */ = {isa = PBXFileReference; fileEncoding = 4; lastKnownFileType = sourcecode.c.objc; name = TripBrowser.m; path = treads/TripBrowser.m; sourceTree = SOURCE_ROOT; };
		3C87B12116F7E7B8000ABF18 /* AppColors.h */ = {isa = PBXFileReference; fileEncoding = 4; lastKnownFileType = sourcecode.c.h; name = AppColors.h; path = treads/AppColors.h; sourceTree = SOURCE_ROOT; };
		3C87B12216F7E7B8000ABF18 /* AppColors.m */ = {isa = PBXFileReference; fileEncoding = 4; lastKnownFileType = sourcecode.c.objc; name = AppColors.m; path = treads/AppColors.m; sourceTree = SOURCE_ROOT; };
		3C882DBD170D15C80041A9C8 /* ImageScrollDisplayableItem.h */ = {isa = PBXFileReference; lastKnownFileType = sourcecode.c.h; name = ImageScrollDisplayableItem.h; path = treads/ImageScrollDisplayableItem.h; sourceTree = SOURCE_ROOT; };
		3C882DBE170D1CFF0041A9C8 /* ImageScrollDisplayView.h */ = {isa = PBXFileReference; lastKnownFileType = sourcecode.c.h; name = ImageScrollDisplayView.h; path = treads/ImageScrollDisplayView.h; sourceTree = SOURCE_ROOT; };
		3C882DBF170D1DF30041A9C8 /* ImageScrollTextView.h */ = {isa = PBXFileReference; fileEncoding = 4; lastKnownFileType = sourcecode.c.h; name = ImageScrollTextView.h; path = treads/ImageScrollTextView.h; sourceTree = SOURCE_ROOT; };
		3C882DC0170D1DF30041A9C8 /* ImageScrollTextView.m */ = {isa = PBXFileReference; fileEncoding = 4; lastKnownFileType = sourcecode.c.objc; name = ImageScrollTextView.m; path = treads/ImageScrollTextView.m; sourceTree = SOURCE_ROOT; };
		3C882DC2170D28090041A9C8 /* LocationVC.h */ = {isa = PBXFileReference; fileEncoding = 4; lastKnownFileType = sourcecode.c.h; name = LocationVC.h; path = treads/LocationVC.h; sourceTree = SOURCE_ROOT; };
		3C882DC3170D28160041A9C8 /* LocationVC.m */ = {isa = PBXFileReference; fileEncoding = 4; lastKnownFileType = sourcecode.c.objc; name = LocationVC.m; path = treads/LocationVC.m; sourceTree = SOURCE_ROOT; };
		3C882DC4170D28160041A9C8 /* LocationVC.xib */ = {isa = PBXFileReference; fileEncoding = 4; lastKnownFileType = file.xib; name = LocationVC.xib; path = treads/LocationVC.xib; sourceTree = SOURCE_ROOT; };
		3C882DC5170D28160041A9C8 /* LocationViewController.h */ = {isa = PBXFileReference; fileEncoding = 4; lastKnownFileType = sourcecode.c.h; name = LocationViewController.h; path = treads/LocationViewController.h; sourceTree = SOURCE_ROOT; };
		3C882DC6170D28160041A9C8 /* LocationViewController.m */ = {isa = PBXFileReference; fileEncoding = 4; lastKnownFileType = sourcecode.c.objc; name = LocationViewController.m; path = treads/LocationViewController.m; sourceTree = SOURCE_ROOT; };
		3C882DC7170D28160041A9C8 /* LocationViewController.xib */ = {isa = PBXFileReference; fileEncoding = 4; lastKnownFileType = file.xib; name = LocationViewController.xib; path = treads/LocationViewController.xib; sourceTree = SOURCE_ROOT; };
		3C89482C170B560600EEEED0 /* map_preview.png */ = {isa = PBXFileReference; lastKnownFileType = image.png; path = map_preview.png; sourceTree = "<group>"; };
		3C8A8851171B1C620076ED31 /* empty_item.png */ = {isa = PBXFileReference; lastKnownFileType = image.png; path = empty_item.png; sourceTree = "<group>"; };
		3C8A8853171B20B70076ED31 /* ImageCache.h */ = {isa = PBXFileReference; fileEncoding = 4; lastKnownFileType = sourcecode.c.h; name = ImageCache.h; path = treads/ImageCache.h; sourceTree = SOURCE_ROOT; };
		3C8A8854171B20B80076ED31 /* ImageCache.m */ = {isa = PBXFileReference; fileEncoding = 4; lastKnownFileType = sourcecode.c.objc; name = ImageCache.m; path = treads/ImageCache.m; sourceTree = SOURCE_ROOT; };
		3C8A8856171B5F440076ED31 /* ProfileBrowserCell.h */ = {isa = PBXFileReference; fileEncoding = 4; lastKnownFileType = sourcecode.c.h; name = ProfileBrowserCell.h; path = treads/ProfileBrowserCell.h; sourceTree = SOURCE_ROOT; };
		3C8A8857171B5F450076ED31 /* ProfileBrowserCell.m */ = {isa = PBXFileReference; fileEncoding = 4; lastKnownFileType = sourcecode.c.objc; name = ProfileBrowserCell.m; path = treads/ProfileBrowserCell.m; sourceTree = SOURCE_ROOT; };
		3C8A885C171C464A0076ED31 /* ProfileHeaderCell.h */ = {isa = PBXFileReference; fileEncoding = 4; lastKnownFileType = sourcecode.c.h; name = ProfileHeaderCell.h; path = treads/ProfileHeaderCell.h; sourceTree = SOURCE_ROOT; };
		3C8A885D171C464C0076ED31 /* ProfileHeaderCell.m */ = {isa = PBXFileReference; fileEncoding = 4; lastKnownFileType = sourcecode.c.objc; name = ProfileHeaderCell.m; path = treads/ProfileHeaderCell.m; sourceTree = SOURCE_ROOT; };
		3C8A908B16E7DAA2007F0BB8 /* Default-568h@2x.png */ = {isa = PBXFileReference; lastKnownFileType = image.png; name = "Default-568h@2x.png"; path = "../Default-568h@2x.png"; sourceTree = "<group>"; };
		3C8A908E16E7DFC8007F0BB8 /* Trip.h */ = {isa = PBXFileReference; fileEncoding = 4; lastKnownFileType = sourcecode.c.h; name = Trip.h; path = treads/Trip.h; sourceTree = SOURCE_ROOT; };
		3C8A908F16E7DFC8007F0BB8 /* Trip.m */ = {isa = PBXFileReference; fileEncoding = 4; lastKnownFileType = sourcecode.c.objc; name = Trip.m; path = treads/Trip.m; sourceTree = SOURCE_ROOT; };
		3C8AC26B16E82BE30070271E /* TripService.h */ = {isa = PBXFileReference; fileEncoding = 4; lastKnownFileType = sourcecode.c.h; name = TripService.h; path = treads/TripService.h; sourceTree = SOURCE_ROOT; };
		3C8AC26C16E82BE30070271E /* TripService.m */ = {isa = PBXFileReference; fileEncoding = 4; lastKnownFileType = sourcecode.c.objc; name = TripService.m; path = treads/TripService.m; sourceTree = SOURCE_ROOT; };
		3C906BED16F7A8B2009C75BF /* TripBrowserCell.h */ = {isa = PBXFileReference; fileEncoding = 4; lastKnownFileType = sourcecode.c.h; name = TripBrowserCell.h; path = treads/TripBrowserCell.h; sourceTree = SOURCE_ROOT; };
		3C906BEE16F7A8B2009C75BF /* TripBrowserCell.m */ = {isa = PBXFileReference; fileEncoding = 4; lastKnownFileType = sourcecode.c.objc; name = TripBrowserCell.m; path = treads/TripBrowserCell.m; sourceTree = SOURCE_ROOT; };
		3C90D6FA17236C0B00DE38BB /* button_blue_select.png */ = {isa = PBXFileReference; lastKnownFileType = image.png; path = button_blue_select.png; sourceTree = "<group>"; };
		3C90D6FB17236C0B00DE38BB /* button_blue_unselect.png */ = {isa = PBXFileReference; lastKnownFileType = image.png; path = button_blue_unselect.png; sourceTree = "<group>"; };
		3C90D6FC17236C0B00DE38BB /* button_red_select.png */ = {isa = PBXFileReference; lastKnownFileType = image.png; path = button_red_select.png; sourceTree = "<group>"; };
		3C90D6FD17236C0B00DE38BB /* button_red_unselect.png */ = {isa = PBXFileReference; lastKnownFileType = image.png; path = button_red_unselect.png; sourceTree = "<group>"; };
		3C919D5B17149EB000FED52D /* EditControlsView.h */ = {isa = PBXFileReference; lastKnownFileType = sourcecode.c.h; name = EditControlsView.h; path = treads/EditControlsView.h; sourceTree = SOURCE_ROOT; };
		3C919D5C17149FC300FED52D /* ImageScrollEditItemView.h */ = {isa = PBXFileReference; fileEncoding = 4; lastKnownFileType = sourcecode.c.h; name = ImageScrollEditItemView.h; path = treads/ImageScrollEditItemView.h; sourceTree = SOURCE_ROOT; };
		3C919D5D17149FC300FED52D /* ImageScrollEditItemView.m */ = {isa = PBXFileReference; fileEncoding = 4; lastKnownFileType = sourcecode.c.objc; name = ImageScrollEditItemView.m; path = treads/ImageScrollEditItemView.m; sourceTree = SOURCE_ROOT; };
		3C95491D172469DF006E0BE7 /* icon_arrow.png */ = {isa = PBXFileReference; lastKnownFileType = image.png; path = icon_arrow.png; sourceTree = "<group>"; };
		3C95491E172469DF006E0BE7 /* icon_minus.png */ = {isa = PBXFileReference; lastKnownFileType = image.png; path = icon_minus.png; sourceTree = "<group>"; };
		3C95491F172469DF006E0BE7 /* icon_pencil.png */ = {isa = PBXFileReference; lastKnownFileType = image.png; path = icon_pencil.png; sourceTree = "<group>"; };
		3C954920172469DF006E0BE7 /* icon_plus.png */ = {isa = PBXFileReference; lastKnownFileType = image.png; path = icon_plus.png; sourceTree = "<group>"; };
		3C954921172469DF006E0BE7 /* icon_star.png */ = {isa = PBXFileReference; lastKnownFileType = image.png; path = icon_star.png; sourceTree = "<group>"; };
		3C958FEA16EA6C4F0038AD7C /* helicopter-bouldering-crash-pad.jpg */ = {isa = PBXFileReference; lastKnownFileType = image.jpeg; name = "helicopter-bouldering-crash-pad.jpg"; path = "treads/helicopter-bouldering-crash-pad.jpg"; sourceTree = SOURCE_ROOT; };
		3C958FEB16EA6C4F0038AD7C /* remote-luxury-hiking-canada.jpg */ = {isa = PBXFileReference; lastKnownFileType = image.jpeg; name = "remote-luxury-hiking-canada.jpg"; path = "treads/remote-luxury-hiking-canada.jpg"; sourceTree = SOURCE_ROOT; };
		3C958FEC16EA6C4F0038AD7C /* summit-boots-hiking-rocks.jpg */ = {isa = PBXFileReference; lastKnownFileType = image.jpeg; name = "summit-boots-hiking-rocks.jpg"; path = "treads/summit-boots-hiking-rocks.jpg"; sourceTree = SOURCE_ROOT; };
		3C958FED16EA6C4F0038AD7C /* virgin_river_hiking.jpg */ = {isa = PBXFileReference; lastKnownFileType = image.jpeg; name = virgin_river_hiking.jpg; path = treads/virgin_river_hiking.jpg; sourceTree = SOURCE_ROOT; };
		3C958FF416EA6CED0038AD7C /* LoginVC.h */ = {isa = PBXFileReference; fileEncoding = 4; lastKnownFileType = sourcecode.c.h; name = LoginVC.h; path = treads/LoginVC.h; sourceTree = SOURCE_ROOT; };
		3C958FF516EA6CED0038AD7C /* LoginVC.m */ = {isa = PBXFileReference; fileEncoding = 4; lastKnownFileType = sourcecode.c.objc; name = LoginVC.m; path = treads/LoginVC.m; sourceTree = SOURCE_ROOT; };
		3C958FF616EA6CED0038AD7C /* LoginVC.xib */ = {isa = PBXFileReference; fileEncoding = 4; lastKnownFileType = file.xib; name = LoginVC.xib; path = treads/LoginVC.xib; sourceTree = SOURCE_ROOT; };
		3C958FF916EA6CFF0038AD7C /* RegisterVC.h */ = {isa = PBXFileReference; fileEncoding = 4; lastKnownFileType = sourcecode.c.h; name = RegisterVC.h; path = treads/RegisterVC.h; sourceTree = SOURCE_ROOT; };
		3C958FFB16EA6CFF0038AD7C /* RegisterVC.xib */ = {isa = PBXFileReference; fileEncoding = 4; lastKnownFileType = file.xib; name = RegisterVC.xib; path = treads/RegisterVC.xib; sourceTree = SOURCE_ROOT; };
		3C958FFE16EA6D220038AD7C /* MapPinAnnotation.h */ = {isa = PBXFileReference; fileEncoding = 4; lastKnownFileType = sourcecode.c.h; name = MapPinAnnotation.h; path = treads/MapPinAnnotation.h; sourceTree = SOURCE_ROOT; };
		3C958FFF16EA6D220038AD7C /* MapPinAnnotation.m */ = {isa = PBXFileReference; fileEncoding = 4; lastKnownFileType = sourcecode.c.objc; name = MapPinAnnotation.m; path = treads/MapPinAnnotation.m; sourceTree = SOURCE_ROOT; };
		3C95900016EA6D220038AD7C /* Path.h */ = {isa = PBXFileReference; fileEncoding = 4; lastKnownFileType = sourcecode.c.h; name = Path.h; path = treads/Path.h; sourceTree = SOURCE_ROOT; };
		3C95900116EA6D220038AD7C /* Path.m */ = {isa = PBXFileReference; fileEncoding = 4; lastKnownFileType = sourcecode.c.objc; name = Path.m; path = treads/Path.m; sourceTree = SOURCE_ROOT; };
		3C95900716EA6DFE0038AD7C /* WindowsAzureMobileServices.framework */ = {isa = PBXFileReference; lastKnownFileType = wrapper.framework; path = WindowsAzureMobileServices.framework; sourceTree = "<group>"; };
		3C96E23C16FCEB3A007FA511 /* ImageScrollBrowser.h */ = {isa = PBXFileReference; fileEncoding = 4; lastKnownFileType = sourcecode.c.h; name = ImageScrollBrowser.h; path = treads/ImageScrollBrowser.h; sourceTree = SOURCE_ROOT; };
		3C96E23D16FCEB3A007FA511 /* ImageScrollBrowser.m */ = {isa = PBXFileReference; fileEncoding = 4; lastKnownFileType = sourcecode.c.objc; name = ImageScrollBrowser.m; path = treads/ImageScrollBrowser.m; sourceTree = SOURCE_ROOT; };
		3C9DA9E716F91B47009EEED7 /* TripViewer.h */ = {isa = PBXFileReference; fileEncoding = 4; lastKnownFileType = sourcecode.c.h; name = TripViewer.h; path = treads/TripViewer.h; sourceTree = SOURCE_ROOT; };
		3C9DA9E816F91B47009EEED7 /* TripViewer.m */ = {isa = PBXFileReference; fileEncoding = 4; lastKnownFileType = sourcecode.c.objc; name = TripViewer.m; path = treads/TripViewer.m; sourceTree = SOURCE_ROOT; };
		3C9DA9EC16F91BE9009EEED7 /* TripViewerHeaderCell.h */ = {isa = PBXFileReference; fileEncoding = 4; lastKnownFileType = sourcecode.c.h; name = TripViewerHeaderCell.h; path = treads/TripViewerHeaderCell.h; sourceTree = SOURCE_ROOT; };
		3C9DA9ED16F91BE9009EEED7 /* TripViewerHeaderCell.m */ = {isa = PBXFileReference; fileEncoding = 4; lastKnownFileType = sourcecode.c.objc; name = TripViewerHeaderCell.m; path = treads/TripViewerHeaderCell.m; sourceTree = SOURCE_ROOT; };
		3C9DA9EF16F91BF9009EEED7 /* TripViewerLocationCell.h */ = {isa = PBXFileReference; fileEncoding = 4; lastKnownFileType = sourcecode.c.h; name = TripViewerLocationCell.h; path = treads/TripViewerLocationCell.h; sourceTree = SOURCE_ROOT; };
		3C9DA9F016F91BF9009EEED7 /* TripViewerLocationCell.m */ = {isa = PBXFileReference; fileEncoding = 4; lastKnownFileType = sourcecode.c.objc; name = TripViewerLocationCell.m; path = treads/TripViewerLocationCell.m; sourceTree = SOURCE_ROOT; };
		3C9DA9F216F91C1F009EEED7 /* TripViewerAddCell.h */ = {isa = PBXFileReference; fileEncoding = 4; lastKnownFileType = sourcecode.c.h; name = TripViewerAddCell.h; path = treads/TripViewerAddCell.h; sourceTree = SOURCE_ROOT; };
		3C9DA9F316F91C1F009EEED7 /* TripViewerAddCell.m */ = {isa = PBXFileReference; fileEncoding = 4; lastKnownFileType = sourcecode.c.objc; name = TripViewerAddCell.m; path = treads/TripViewerAddCell.m; sourceTree = SOURCE_ROOT; };
		3C9DA9F516F92262009EEED7 /* TripLocation.h */ = {isa = PBXFileReference; fileEncoding = 4; lastKnownFileType = sourcecode.c.h; name = TripLocation.h; path = treads/TripLocation.h; sourceTree = SOURCE_ROOT; };
		3C9DA9F616F92262009EEED7 /* TripLocation.m */ = {isa = PBXFileReference; fileEncoding = 4; lastKnownFileType = sourcecode.c.objc; name = TripLocation.m; path = treads/TripLocation.m; sourceTree = SOURCE_ROOT; };
		3C9DA9F916F92422009EEED7 /* TripLocationItem.h */ = {isa = PBXFileReference; fileEncoding = 4; lastKnownFileType = sourcecode.c.h; name = TripLocationItem.h; path = treads/TripLocationItem.h; sourceTree = SOURCE_ROOT; };
		3C9DA9FA16F92422009EEED7 /* TripLocationItem.m */ = {isa = PBXFileReference; fileEncoding = 4; lastKnownFileType = sourcecode.c.objc; name = TripLocationItem.m; path = treads/TripLocationItem.m; sourceTree = SOURCE_ROOT; };
/* End PBXFileReference section */

/* Begin PBXFrameworksBuildPhase section */
		3188B15416C9CE17008E1D7F /* Frameworks */ = {
			isa = PBXFrameworksBuildPhase;
			buildActionMask = 2147483647;
			files = (
				3973FE4C1710AC6000D4AAE1 /* MobileCoreServices.framework in Frameworks */,
				39164F5316EA91C200877549 /* CoreLocation.framework in Frameworks */,
				3C95900816EA6DFE0038AD7C /* WindowsAzureMobileServices.framework in Frameworks */,
				318D8C3716CA9509005A42F6 /* MapKit.framework in Frameworks */,
				3188B15B16C9CE17008E1D7F /* UIKit.framework in Frameworks */,
				3188B15D16C9CE17008E1D7F /* Foundation.framework in Frameworks */,
				3188B15F16C9CE17008E1D7F /* CoreGraphics.framework in Frameworks */,
			);
			runOnlyForDeploymentPostprocessing = 0;
		};
/* End PBXFrameworksBuildPhase section */

/* Begin PBXGroup section */
		2976729C17162DA700C756FB /* LocationPickerVC */ = {
			isa = PBXGroup;
			children = (
				2976729D17162DD300C756FB /* LocationPickerVC.h */,
				2976729E17162DD300C756FB /* LocationPickerVC.m */,
				2976729F17162DD300C756FB /* LocationPickerVC.xib */,
			);
			name = LocationPickerVC;
			sourceTree = "<group>";
		};
		29AB7C5E1710D254007D9F16 /* Location */ = {
			isa = PBXGroup;
			children = (
				29AB7C6C17111A04007D9F16 /* CommentEnterBox.h */,
				29AB7C6D17111A05007D9F16 /* CommentEnterBox.m */,
				29AB7C601710D30C007D9F16 /* CommentBox.h */,
				29AB7C611710D30C007D9F16 /* CommentBox.m */,
				29AB7C551710D199007D9F16 /* CommentCell.h */,
				29AB7C561710D199007D9F16 /* CommentCell.m */,
				3C882DC2170D28090041A9C8 /* LocationVC.h */,
				3C882DC3170D28160041A9C8 /* LocationVC.m */,
				3C882DC4170D28160041A9C8 /* LocationVC.xib */,
				29AB7C69171117B3007D9F16 /* CommentEnterCell.h */,
				29AB7C6A171117B4007D9F16 /* CommentEnterCell.m */,
			);
			name = Location;
			sourceTree = "<group>";
		};
		29AB7C5F1710D27F007D9F16 /* Editable Views */ = {
			isa = PBXGroup;
			children = (
				3C919D5B17149EB000FED52D /* EditControlsView.h */,
				29AB7C5B1710D1D7007D9F16 /* EditableTextView.h */,
				29AB7C5C1710D1D7007D9F16 /* EditableTextView.m */,
			);
			name = "Editable Views";
			sourceTree = "<group>";
		};
		29AB7C6F17113545007D9F16 /* buttons */ = {
			isa = PBXGroup;
			children = (
				29AB7C7317113596007D9F16 /* addCommentButton.h */,
				29AB7C7417113596007D9F16 /* addCommentButton.m */,
			);
			name = buttons;
			sourceTree = "<group>";
		};
		316399B816ECB404003B3F0E /* EditTrip */ = {
			isa = PBXGroup;
			children = (
				316399B316ECB3F6003B3F0E /* EditTripVC.h */,
				316399B416ECB3F6003B3F0E /* EditTripVC.m */,
				316399B516ECB3F6003B3F0E /* EditTripVC.xib */,
			);
			name = EditTrip;
			sourceTree = "<group>";
		};
		3188B14E16C9CE16008E1D7F = {
			isa = PBXGroup;
			children = (
				3910CBB2171BA5B7006FA96C /* Default-Portrait@2x~ipad.png */,
				3910CBB0171BA59A006FA96C /* Default-Portrait~ipad.png */,
				3192AEC6171BA196008F8FB2 /* Default-Landscape@2x~ipad.png */,
				3192AEC4171BA182008F8FB2 /* Default-Landscape~ipad.png */,
				3C13F52F171A10FF00EA6582 /* icon57.png */,
				3C13F52D171A10F700EA6582 /* icon114.png */,
				296CC3F816FCEA7C0089F1F1 /* treads.entitlements */,
				3188B16016C9CE17008E1D7F /* Treads */,
				3188B15916C9CE17008E1D7F /* Frameworks */,
				3188B15816C9CE17008E1D7F /* Products */,
			);
			sourceTree = "<group>";
		};
		3188B15816C9CE17008E1D7F /* Products */ = {
			isa = PBXGroup;
			children = (
				3188B15716C9CE17008E1D7F /* treads.app */,
			);
			name = Products;
			sourceTree = "<group>";
		};
		3188B15916C9CE17008E1D7F /* Frameworks */ = {
			isa = PBXGroup;
			children = (
				3973FE4B1710AC6000D4AAE1 /* MobileCoreServices.framework */,
				39164F5216EA91C200877549 /* CoreLocation.framework */,
				3C95900716EA6DFE0038AD7C /* WindowsAzureMobileServices.framework */,
				318D8C3516CA94E1005A42F6 /* MapKit.framework */,
				3188B15A16C9CE17008E1D7F /* UIKit.framework */,
				3188B15C16C9CE17008E1D7F /* Foundation.framework */,
				3188B15E16C9CE17008E1D7F /* CoreGraphics.framework */,
			);
			name = Frameworks;
			sourceTree = "<group>";
		};
		3188B16016C9CE17008E1D7F /* Treads */ = {
			isa = PBXGroup;
			children = (
				2976728E1715CB4A00C756FB /* NSData+Base64.h */,
				2976728F1715CB4A00C756FB /* NSData+Base64.m */,
				29AB7C6F17113545007D9F16 /* buttons */,
				3C8AC26A16E82BD10070271E /* Services */,
				3C8AC26916E82AEB0070271E /* Repositories */,
				3C8A908D16E7DFBB007F0BB8 /* Models */,
				3C60C7CD16E6C28300FDFD7D /* ViewControllers */,
				3188B19116C9CE4E008E1D7F /* Images */,
				3188B16116C9CE17008E1D7F /* Supporting Files */,
			);
			path = Treads;
			sourceTree = "<group>";
		};
		3188B16116C9CE17008E1D7F /* Supporting Files */ = {
			isa = PBXGroup;
			children = (
				3C87B12116F7E7B8000ABF18 /* AppColors.h */,
				3C87B12216F7E7B8000ABF18 /* AppColors.m */,
				3C094FA516EFF74700C537B1 /* TreadsSession.h */,
				3C094FA616EFF74700C537B1 /* TreadsSession.m */,
				3C958FFE16EA6D220038AD7C /* MapPinAnnotation.h */,
				3C958FFF16EA6D220038AD7C /* MapPinAnnotation.m */,
				3C95900016EA6D220038AD7C /* Path.h */,
				3C95900116EA6D220038AD7C /* Path.m */,
				3C8A908B16E7DAA2007F0BB8 /* Default-568h@2x.png */,
				3188B16216C9CE17008E1D7F /* treads-Info.plist */,
				3188B16616C9CE17008E1D7F /* main.m */,
				3188B16816C9CE17008E1D7F /* treads-Prefix.pch */,
			);
			name = "Supporting Files";
			sourceTree = "<group>";
		};
		3188B19116C9CE4E008E1D7F /* Images */ = {
			isa = PBXGroup;
			children = (
				3C13F531171A151A00EA6582 /* Image View */,
				3C90EA891716117500CACCC4 /* Sample Images */,
				3C90EA881716116000CACCC4 /* Tab Bar Icons */,
				3C90EA871716115900CACCC4 /* Edit Icons */,
			);
			name = Images;
			sourceTree = "<group>";
		};
		318BC81C171905EA00F4EB67 /* Edit Profile */ = {
			isa = PBXGroup;
			children = (
				318BC8161719058500F4EB67 /* EditProfileVC.h */,
				318BC8171719058500F4EB67 /* EditProfileVC.m */,
				318BC8181719058500F4EB67 /* EditProfileVC.xib */,
			);
			name = "Edit Profile";
			sourceTree = "<group>";
		};
		39164F4F16EA8A1D00877549 /* Trip View */ = {
			isa = PBXGroup;
			children = (
				39164F5416EA92C600877549 /* TripViewVC.h */,
				39164F5516EA92C600877549 /* TripViewVC.m */,
				39164F5616EA92C600877549 /* TripViewVC.xib */,
			);
			name = "Trip View";
			sourceTree = "<group>";
		};
		39164F5916EAA3A800877549 /* Add Location */ = {
			isa = PBXGroup;
			children = (
				39164F5A16EAA3E000877549 /* AddLocationVC.h */,
				39164F5B16EAA3E000877549 /* AddLocationVC.m */,
				39164F5C16EAA3E000877549 /* AddLocationVC.xib */,
			);
			name = "Add Location";
			sourceTree = "<group>";
		};
		39F5D516171A591500F0AE4E /* LocationMap */ = {
			isa = PBXGroup;
			children = (
				39F5D511171A58FD00F0AE4E /* LocationMapVC.h */,
				39F5D512171A58FD00F0AE4E /* LocationMapVC.xib */,
				39F5D513171A58FD00F0AE4E /* LocationMapVC.m */,
			);
			name = LocationMap;
			sourceTree = "<group>";
		};
		3C13F531171A151A00EA6582 /* Image View */ = {
			isa = PBXGroup;
			children = (
				3C8A8851171B1C620076ED31 /* empty_item.png */,
				3C13F538171A184300EA6582 /* 404.png */,
			);
			name = "Image View";
			sourceTree = "<group>";
		};
		3C60C7CD16E6C28300FDFD7D /* ViewControllers */ = {
			isa = PBXGroup;
			children = (
				39F5D516171A591500F0AE4E /* LocationMap */,
				2976729C17162DA700C756FB /* LocationPickerVC */,
				29AB7C5E1710D254007D9F16 /* Location */,
				316399B816ECB404003B3F0E /* EditTrip */,
				39164F5916EAA3A800877549 /* Add Location */,
				39164F4F16EA8A1D00877549 /* Trip View */,
				3C958FF216EA6CD20038AD7C /* Login */,
				3C958FF316EA6CDB0038AD7C /* Register */,
				3C60C7CE16E6C29200FDFD7D /* Maps */,
				3C60C7CF16E6C29700FDFD7D /* Camera */,
				3C60C7D216E6C2A900FDFD7D /* My Trips */,
				3C60C7D116E6C2A300FDFD7D /* Follow */,
				3C60C7D016E6C29E00FDFD7D /* Profile */,
				318BC81C171905EA00F4EB67 /* Edit Profile */,
				3C60C7D316E6C2AF00FDFD7D /* Common */,
				3188B16916C9CE17008E1D7F /* AppDelegate.h */,
				3188B16A16C9CE17008E1D7F /* AppDelegate.m */,
			);
			name = ViewControllers;
			sourceTree = "<group>";
		};
		3C60C7CE16E6C29200FDFD7D /* Maps */ = {
			isa = PBXGroup;
			children = (
				3C882DC5170D28160041A9C8 /* LocationViewController.h */,
				3C882DC6170D28160041A9C8 /* LocationViewController.m */,
				3C882DC7170D28160041A9C8 /* LocationViewController.xib */,
				318BA1B216C9E66800700BB8 /* MapsVC.h */,
				318BA1B316C9E66800700BB8 /* MapsVC.m */,
				318BA1B416C9E66800700BB8 /* MapsVC.xib */,
				29C21B91170BA76D005B39E4 /* LocationSmallViewController.h */,
				29C21B92170BA76D005B39E4 /* LocationSmallViewController.m */,
				29C21B93170BA76D005B39E4 /* LocationSmallViewController.xib */,
			);
			name = Maps;
			sourceTree = "<group>";
		};
		3C60C7CF16E6C29700FDFD7D /* Camera */ = {
			isa = PBXGroup;
			children = (
				3188B19F16C9D2B4008E1D7F /* CameraVC.h */,
				3188B1A016C9D2B4008E1D7F /* CameraVC.m */,
				3188B1A116C9D2B4008E1D7F /* CameraVC.xib */,
			);
			name = Camera;
			sourceTree = "<group>";
		};
		3C60C7D016E6C29E00FDFD7D /* Profile */ = {
			isa = PBXGroup;
			children = (
				3188B1B016C9D5B7008E1D7F /* ProfileVC.h */,
				3188B1B116C9D5B7008E1D7F /* ProfileVC.m */,
				3188B1B216C9D5B7008E1D7F /* ProfileVC.xib */,
			);
			name = Profile;
			sourceTree = "<group>";
		};
		3C60C7D116E6C2A300FDFD7D /* Follow */ = {
			isa = PBXGroup;
			children = (
				3188B1AB16C9D508008E1D7F /* FollowVC.h */,
				3188B1AC16C9D509008E1D7F /* FollowVC.m */,
				3188B1AD16C9D509008E1D7F /* FollowVC.xib */,
			);
			name = Follow;
			sourceTree = "<group>";
		};
		3C60C7D216E6C2A900FDFD7D /* My Trips */ = {
			isa = PBXGroup;
			children = (
				3188B1A416C9D34D008E1D7F /* MyTripsVC.h */,
				3188B1A516C9D34D008E1D7F /* MyTripsVC.m */,
				3188B1A616C9D34D008E1D7F /* MyTripsVC.xib */,
			);
			name = "My Trips";
			sourceTree = "<group>";
		};
		3C60C7D316E6C2AF00FDFD7D /* Common */ = {
			isa = PBXGroup;
			children = (
				29AB7C5F1710D27F007D9F16 /* Editable Views */,
				3C882DBC170D14E60041A9C8 /* Image Scroll Browser */,
				3C9DA9EB16F91B85009EEED7 /* Trip Viewer */,
				3C9DA9EA16F91B5B009EEED7 /* Trip Browser */,
			);
			name = Common;
			sourceTree = "<group>";
		};
		3C882DBC170D14E60041A9C8 /* Image Scroll Browser */ = {
			isa = PBXGroup;
			children = (
				3C919D5917149E6B00FED52D /* Protocols */,
				3C919D5A17149E7500FED52D /* Subviews */,
				3C96E23C16FCEB3A007FA511 /* ImageScrollBrowser.h */,
				3C96E23D16FCEB3A007FA511 /* ImageScrollBrowser.m */,
			);
			name = "Image Scroll Browser";
			sourceTree = "<group>";
		};
		3C8A908D16E7DFBB007F0BB8 /* Models */ = {
			isa = PBXGroup;
			children = (
				3C9DA9F816F92346009EEED7 /* Trip */,
				29C21B96170C9B6D005B39E4 /* Location.h */,
				29C21B97170C9B6E005B39E4 /* Location.m */,
				2982982F170D3B07002BA507 /* Comment.h */,
				29829830170D3B08002BA507 /* Comment.m */,
				29241807170E651800BB9FAE /* User.h */,
				29241808170E651900BB9FAE /* User.m */,
			);
			name = Models;
			sourceTree = "<group>";
		};
		3C8AC26916E82AEB0070271E /* Repositories */ = {
			isa = PBXGroup;
			children = (
				3C12312216EFCB89006CCBFE /* DataRepository.h */,
				3C12312316EFCB89006CCBFE /* DataRepository.m */,
				3C8A8853171B20B70076ED31 /* ImageCache.h */,
				3C8A8854171B20B80076ED31 /* ImageCache.m */,
			);
			name = Repositories;
			sourceTree = "<group>";
		};
		3C8AC26A16E82BD10070271E /* Services */ = {
			isa = PBXGroup;
			children = (
				3C04028C16F6B8CA0030D8BA /* TreadsService.h */,
				395E625D1715EC0E007AB363 /* CameraService.h */,
				395E625E1715EC0E007AB363 /* CameraService.m */,
				291479771714BFB900D543F9 /* ImageService.h */,
				291479781714BFB900D543F9 /* ImageService.m */,
				29AB7C661710D341007D9F16 /* TripLocationService.h */,
				29AB7C671710D341007D9F16 /* TripLocationService.m */,
				3C8AC26B16E82BE30070271E /* TripService.h */,
				3C8AC26C16E82BE30070271E /* TripService.m */,
				3C12312516EFCB98006CCBFE /* ProfileService.h */,
				3C12312616EFCB98006CCBFE /* ProfileService.m */,
				395CD5EC16F03EEA009FD655 /* LocationService.h */,
				395CD5ED16F03EEA009FD655 /* LocationService.m */,
				29241801170E4CE100BB9FAE /* CommentService.h */,
				29241802170E4CE100BB9FAE /* CommentService.m */,
				29241804170E645200BB9FAE /* UserService.h */,
				29241805170E645200BB9FAE /* UserService.m */,
				31983A241719CA2F0048A8D7 /* FollowService.h */,
				31983A251719CA2F0048A8D7 /* FollowService.m */,
				3192AEC8171BACB5008F8FB2 /* FavoriteService.h */,
				3192AEC9171BACB5008F8FB2 /* FavoriteService.m */,
			);
			name = Services;
			sourceTree = "<group>";
		};
		3C90EA871716115900CACCC4 /* Edit Icons */ = {
			isa = PBXGroup;
			children = (
				3C95491D172469DF006E0BE7 /* icon_arrow.png */,
				3C95491E172469DF006E0BE7 /* icon_minus.png */,
				3C95491F172469DF006E0BE7 /* icon_pencil.png */,
				3C954920172469DF006E0BE7 /* icon_plus.png */,
				3C954921172469DF006E0BE7 /* icon_star.png */,
				3C90D6FA17236C0B00DE38BB /* button_blue_select.png */,
				3C90D6FB17236C0B00DE38BB /* button_blue_unselect.png */,
				3C90D6FC17236C0B00DE38BB /* button_red_select.png */,
				3C90D6FD17236C0B00DE38BB /* button_red_unselect.png */,
			);
			name = "Edit Icons";
			sourceTree = "<group>";
		};
		3C90EA881716116000CACCC4 /* Tab Bar Icons */ = {
			isa = PBXGroup;
			children = (
				3188B1A916C9D4D1008E1D7F /* backpack.png */,
				3188B19416C9CEC0008E1D7F /* man.png */,
				3188B19216C9CE6A008E1D7F /* camera.png */,
				3188B19516C9CEC0008E1D7F /* map-pin.png */,
				3118BFED16EFC588006DE2E9 /* compass.png */,
			);
			name = "Tab Bar Icons";
			sourceTree = "<group>";
		};
		3C90EA891716117500CACCC4 /* Sample Images */ = {
			isa = PBXGroup;
			children = (
				3C89482C170B560600EEEED0 /* map_preview.png */,
				3914480A16EE4B20001B16BE /* mountains.jpeg */,
				3C958FEA16EA6C4F0038AD7C /* helicopter-bouldering-crash-pad.jpg */,
				3C958FEB16EA6C4F0038AD7C /* remote-luxury-hiking-canada.jpg */,
				3C958FEC16EA6C4F0038AD7C /* summit-boots-hiking-rocks.jpg */,
				3C958FED16EA6C4F0038AD7C /* virgin_river_hiking.jpg */,
			);
			name = "Sample Images";
			sourceTree = "<group>";
		};
		3C919D5917149E6B00FED52D /* Protocols */ = {
			isa = PBXGroup;
			children = (
				3C882DBD170D15C80041A9C8 /* ImageScrollDisplayableItem.h */,
				3C882DBE170D1CFF0041A9C8 /* ImageScrollDisplayView.h */,
			);
			name = Protocols;
			sourceTree = "<group>";
		};
		3C919D5A17149E7500FED52D /* Subviews */ = {
			isa = PBXGroup;
			children = (
				3C882DBF170D1DF30041A9C8 /* ImageScrollTextView.h */,
				3C882DC0170D1DF30041A9C8 /* ImageScrollTextView.m */,
				29AB7C631710D328007D9F16 /* ImageScrollEditableTextView.h */,
				29AB7C641710D328007D9F16 /* ImageScrollEditableTextView.m */,
				3C919D5C17149FC300FED52D /* ImageScrollEditItemView.h */,
				3C919D5D17149FC300FED52D /* ImageScrollEditItemView.m */,
			);
			name = Subviews;
			sourceTree = "<group>";
		};
		3C958FF216EA6CD20038AD7C /* Login */ = {
			isa = PBXGroup;
			children = (
				3C958FF416EA6CED0038AD7C /* LoginVC.h */,
				3C958FF516EA6CED0038AD7C /* LoginVC.m */,
				3C958FF616EA6CED0038AD7C /* LoginVC.xib */,
			);
			name = Login;
			sourceTree = "<group>";
		};
		3C958FF316EA6CDB0038AD7C /* Register */ = {
			isa = PBXGroup;
			children = (
				3C958FF916EA6CFF0038AD7C /* RegisterVC.h */,
				29E2E8A216EFEEFA0010C19B /* RegisterVC.m */,
				3C958FFB16EA6CFF0038AD7C /* RegisterVC.xib */,
			);
			name = Register;
			sourceTree = "<group>";
		};
		3C9DA9EA16F91B5B009EEED7 /* Trip Browser */ = {
			isa = PBXGroup;
			children = (
				3C60C7D916E7004900FDFD7D /* TripBrowser.h */,
				3C60C7DA16E7004900FDFD7D /* TripBrowser.m */,
				3C906BED16F7A8B2009C75BF /* TripBrowserCell.h */,
				3C906BEE16F7A8B2009C75BF /* TripBrowserCell.m */,
				3C8A8856171B5F440076ED31 /* ProfileBrowserCell.h */,
				3C8A8857171B5F450076ED31 /* ProfileBrowserCell.m */,
				3C8A885C171C464A0076ED31 /* ProfileHeaderCell.h */,
				3C8A885D171C464C0076ED31 /* ProfileHeaderCell.m */,
			);
			name = "Trip Browser";
			sourceTree = "<group>";
		};
		3C9DA9EB16F91B85009EEED7 /* Trip Viewer */ = {
			isa = PBXGroup;
			children = (
				3C9DA9E716F91B47009EEED7 /* TripViewer.h */,
				3C9DA9E816F91B47009EEED7 /* TripViewer.m */,
				3C9DA9EC16F91BE9009EEED7 /* TripViewerHeaderCell.h */,
				3C9DA9ED16F91BE9009EEED7 /* TripViewerHeaderCell.m */,
				3C9DA9EF16F91BF9009EEED7 /* TripViewerLocationCell.h */,
				3C9DA9F016F91BF9009EEED7 /* TripViewerLocationCell.m */,
				3C9DA9F216F91C1F009EEED7 /* TripViewerAddCell.h */,
				3C9DA9F316F91C1F009EEED7 /* TripViewerAddCell.m */,
			);
			name = "Trip Viewer";
			sourceTree = "<group>";
		};
		3C9DA9F816F92346009EEED7 /* Trip */ = {
			isa = PBXGroup;
			children = (
				3C8A908E16E7DFC8007F0BB8 /* Trip.h */,
				3C8A908F16E7DFC8007F0BB8 /* Trip.m */,
				3C9DA9F516F92262009EEED7 /* TripLocation.h */,
				3C9DA9F616F92262009EEED7 /* TripLocation.m */,
				3C9DA9F916F92422009EEED7 /* TripLocationItem.h */,
				3C9DA9FA16F92422009EEED7 /* TripLocationItem.m */,
			);
			name = Trip;
			sourceTree = "<group>";
		};
/* End PBXGroup section */

/* Begin PBXNativeTarget section */
		3188B15616C9CE17008E1D7F /* treads */ = {
			isa = PBXNativeTarget;
			buildConfigurationList = 3188B18E16C9CE17008E1D7F /* Build configuration list for PBXNativeTarget "treads" */;
			buildPhases = (
				3188B15316C9CE17008E1D7F /* Sources */,
				3188B15416C9CE17008E1D7F /* Frameworks */,
				3188B15516C9CE17008E1D7F /* Resources */,
			);
			buildRules = (
			);
			dependencies = (
			);
			name = treads;
			productName = Treads;
			productReference = 3188B15716C9CE17008E1D7F /* treads.app */;
			productType = "com.apple.product-type.application";
		};
/* End PBXNativeTarget section */

/* Begin PBXProject section */
		3188B14F16C9CE17008E1D7F /* Project object */ = {
			isa = PBXProject;
			attributes = {
				LastUpgradeCheck = 0460;
				ORGANIZATIONNAME = "Team Walking Stick";
			};
			buildConfigurationList = 3188B15216C9CE17008E1D7F /* Build configuration list for PBXProject "treads" */;
			compatibilityVersion = "Xcode 3.2";
			developmentRegion = English;
			hasScannedForEncodings = 0;
			knownRegions = (
				en,
			);
			mainGroup = 3188B14E16C9CE16008E1D7F;
			productRefGroup = 3188B15816C9CE17008E1D7F /* Products */;
			projectDirPath = "";
			projectRoot = "";
			targets = (
				3188B15616C9CE17008E1D7F /* treads */,
			);
		};
/* End PBXProject section */

/* Begin PBXResourcesBuildPhase section */
		3188B15516C9CE17008E1D7F /* Resources */ = {
			isa = PBXResourcesBuildPhase;
			buildActionMask = 2147483647;
			files = (
				3188B19316C9CE6A008E1D7F /* camera.png in Resources */,
				3188B19616C9CEC0008E1D7F /* man.png in Resources */,
				3188B19716C9CEC0008E1D7F /* map-pin.png in Resources */,
				3188B1A316C9D2B4008E1D7F /* CameraVC.xib in Resources */,
				3188B1A816C9D34D008E1D7F /* MyTripsVC.xib in Resources */,
				3188B1AA16C9D4D1008E1D7F /* backpack.png in Resources */,
				3188B1AF16C9D509008E1D7F /* FollowVC.xib in Resources */,
				3188B1B416C9D5B7008E1D7F /* ProfileVC.xib in Resources */,
				318BA1B616C9E66800700BB8 /* MapsVC.xib in Resources */,
				3C8A908C16E7DAA2007F0BB8 /* Default-568h@2x.png in Resources */,
				3C958FEE16EA6C4F0038AD7C /* helicopter-bouldering-crash-pad.jpg in Resources */,
				3C958FEF16EA6C4F0038AD7C /* remote-luxury-hiking-canada.jpg in Resources */,
				3C958FF016EA6C4F0038AD7C /* summit-boots-hiking-rocks.jpg in Resources */,
				3C958FF116EA6C4F0038AD7C /* virgin_river_hiking.jpg in Resources */,
				3C958FF816EA6CED0038AD7C /* LoginVC.xib in Resources */,
				3C958FFD16EA6CFF0038AD7C /* RegisterVC.xib in Resources */,
				39164F5816EA92C600877549 /* TripViewVC.xib in Resources */,
				39164F5E16EAA3E000877549 /* AddLocationVC.xib in Resources */,
				316399B716ECB3F6003B3F0E /* EditTripVC.xib in Resources */,
				3914480B16EE4B20001B16BE /* mountains.jpeg in Resources */,
				3118BFEE16EFC588006DE2E9 /* compass.png in Resources */,
				3C89482D170B560600EEEED0 /* map_preview.png in Resources */,
				29C21B95170BA76D005B39E4 /* LocationSmallViewController.xib in Resources */,
				3C882DC9170D28160041A9C8 /* LocationVC.xib in Resources */,
				3C882DCB170D28160041A9C8 /* LocationViewController.xib in Resources */,
				297672A117162DD300C756FB /* LocationPickerVC.xib in Resources */,
				318BC81A1719058500F4EB67 /* EditProfileVC.xib in Resources */,
				3C13F52E171A10F800EA6582 /* icon114.png in Resources */,
				3C13F530171A10FF00EA6582 /* icon57.png in Resources */,
				3C13F539171A184300EA6582 /* 404.png in Resources */,
				39F5D514171A58FD00F0AE4E /* LocationMapVC.xib in Resources */,
				3C8A8852171B1C620076ED31 /* empty_item.png in Resources */,
				3192AEC5171BA182008F8FB2 /* Default-Landscape~ipad.png in Resources */,
				3192AEC7171BA196008F8FB2 /* Default-Landscape@2x~ipad.png in Resources */,
				3910CBB1171BA59A006FA96C /* Default-Portrait~ipad.png in Resources */,
				3910CBB3171BA5B7006FA96C /* Default-Portrait@2x~ipad.png in Resources */,
				3C90D6FE17236C0B00DE38BB /* button_blue_select.png in Resources */,
				3C90D6FF17236C0B00DE38BB /* button_blue_unselect.png in Resources */,
				3C90D70017236C0B00DE38BB /* button_red_select.png in Resources */,
				3C90D70117236C0B00DE38BB /* button_red_unselect.png in Resources */,
				3C954922172469DF006E0BE7 /* icon_arrow.png in Resources */,
				3C954923172469DF006E0BE7 /* icon_minus.png in Resources */,
				3C954924172469DF006E0BE7 /* icon_pencil.png in Resources */,
				3C954925172469DF006E0BE7 /* icon_plus.png in Resources */,
				3C954926172469DF006E0BE7 /* icon_star.png in Resources */,
			);
			runOnlyForDeploymentPostprocessing = 0;
		};
/* End PBXResourcesBuildPhase section */

/* Begin PBXSourcesBuildPhase section */
		3188B15316C9CE17008E1D7F /* Sources */ = {
			isa = PBXSourcesBuildPhase;
			buildActionMask = 2147483647;
			files = (
				3188B16716C9CE17008E1D7F /* main.m in Sources */,
				3188B16B16C9CE17008E1D7F /* AppDelegate.m in Sources */,
				3188B1A216C9D2B4008E1D7F /* CameraVC.m in Sources */,
				3188B1A716C9D34D008E1D7F /* MyTripsVC.m in Sources */,
				3188B1AE16C9D509008E1D7F /* FollowVC.m in Sources */,
				3188B1B316C9D5B7008E1D7F /* ProfileVC.m in Sources */,
				318BA1B516C9E66800700BB8 /* MapsVC.m in Sources */,
				3C60C7DB16E7004900FDFD7D /* TripBrowser.m in Sources */,
				3C8A909016E7DFC8007F0BB8 /* Trip.m in Sources */,
				3C8AC26D16E82BE30070271E /* TripService.m in Sources */,
				3C958FF716EA6CED0038AD7C /* LoginVC.m in Sources */,
				3C95900416EA6D220038AD7C /* MapPinAnnotation.m in Sources */,
				3C95900516EA6D220038AD7C /* Path.m in Sources */,
				39164F5716EA92C600877549 /* TripViewVC.m in Sources */,
				39164F5D16EAA3E000877549 /* AddLocationVC.m in Sources */,
				316399B616ECB3F6003B3F0E /* EditTripVC.m in Sources */,
				3C12312416EFCB89006CCBFE /* DataRepository.m in Sources */,
				3C12312716EFCB98006CCBFE /* ProfileService.m in Sources */,
				29E2E8A316EFEEFA0010C19B /* RegisterVC.m in Sources */,
				3C094FA716EFF74700C537B1 /* TreadsSession.m in Sources */,
				395CD5EE16F03EEA009FD655 /* LocationService.m in Sources */,
				3C906BEF16F7A8B2009C75BF /* TripBrowserCell.m in Sources */,
				3C87B12316F7E7B8000ABF18 /* AppColors.m in Sources */,
				3C9DA9E916F91B47009EEED7 /* TripViewer.m in Sources */,
				3C9DA9EE16F91BE9009EEED7 /* TripViewerHeaderCell.m in Sources */,
				3C9DA9F116F91BF9009EEED7 /* TripViewerLocationCell.m in Sources */,
				3C9DA9F416F91C1F009EEED7 /* TripViewerAddCell.m in Sources */,
				3C9DA9F716F92262009EEED7 /* TripLocation.m in Sources */,
				3C9DA9FB16F92422009EEED7 /* TripLocationItem.m in Sources */,
				3C96E23E16FCEB3A007FA511 /* ImageScrollBrowser.m in Sources */,
				29C21B94170BA76D005B39E4 /* LocationSmallViewController.m in Sources */,
				29C21B98170C9B6E005B39E4 /* Location.m in Sources */,
				3C882DC1170D1DF30041A9C8 /* ImageScrollTextView.m in Sources */,
				3C882DC8170D28160041A9C8 /* LocationVC.m in Sources */,
				3C882DCA170D28160041A9C8 /* LocationViewController.m in Sources */,
				29829831170D3B08002BA507 /* Comment.m in Sources */,
				29241803170E4CE100BB9FAE /* CommentService.m in Sources */,
				29241806170E645200BB9FAE /* UserService.m in Sources */,
				29241809170E651900BB9FAE /* User.m in Sources */,
				29AB7C591710D199007D9F16 /* CommentCell.m in Sources */,
				29AB7C5D1710D1D7007D9F16 /* EditableTextView.m in Sources */,
				29AB7C621710D30C007D9F16 /* CommentBox.m in Sources */,
				29AB7C651710D328007D9F16 /* ImageScrollEditableTextView.m in Sources */,
				29AB7C681710D341007D9F16 /* TripLocationService.m in Sources */,
				29AB7C6B171117B5007D9F16 /* CommentEnterCell.m in Sources */,
				29AB7C6E17111A05007D9F16 /* CommentEnterBox.m in Sources */,
				29AB7C7517113596007D9F16 /* addCommentButton.m in Sources */,
				3C919D5E17149FC300FED52D /* ImageScrollEditItemView.m in Sources */,
				291479791714BFB900D543F9 /* ImageService.m in Sources */,
				297672901715CB4A00C756FB /* NSData+Base64.m in Sources */,
				395E625F1715EC0E007AB363 /* CameraService.m in Sources */,
				297672A017162DD300C756FB /* LocationPickerVC.m in Sources */,
				318BC8191719058500F4EB67 /* EditProfileVC.m in Sources */,
				31983A261719CA2F0048A8D7 /* FollowService.m in Sources */,
				39F5D515171A58FD00F0AE4E /* LocationMapVC.m in Sources */,
				3C8A8855171B20B80076ED31 /* ImageCache.m in Sources */,
				3C8A8858171B5F460076ED31 /* ProfileBrowserCell.m in Sources */,
				3192AECA171BACB5008F8FB2 /* FavoriteService.m in Sources */,
				3C8A885E171C464E0076ED31 /* ProfileHeaderCell.m in Sources */,
			);
			runOnlyForDeploymentPostprocessing = 0;
		};
/* End PBXSourcesBuildPhase section */

/* Begin XCBuildConfiguration section */
		3188B18C16C9CE17008E1D7F /* Debug */ = {
			isa = XCBuildConfiguration;
			buildSettings = {
				ALWAYS_SEARCH_USER_PATHS = NO;
				CLANG_CXX_LANGUAGE_STANDARD = "gnu++0x";
				CLANG_CXX_LIBRARY = "libc++";
				CLANG_ENABLE_OBJC_ARC = YES;
				CLANG_WARN_CONSTANT_CONVERSION = YES;
				CLANG_WARN_EMPTY_BODY = YES;
				CLANG_WARN_ENUM_CONVERSION = YES;
				CLANG_WARN_INT_CONVERSION = YES;
				CLANG_WARN__DUPLICATE_METHOD_MATCH = YES;
				"CODE_SIGN_IDENTITY[sdk=iphoneos*]" = "iPhone Developer";
				COPY_PHASE_STRIP = NO;
				GCC_C_LANGUAGE_STANDARD = gnu99;
				GCC_DYNAMIC_NO_PIC = NO;
				GCC_OPTIMIZATION_LEVEL = 0;
				GCC_PREPROCESSOR_DEFINITIONS = (
					"DEBUG=1",
					"$(inherited)",
				);
				GCC_SYMBOLS_PRIVATE_EXTERN = NO;
				GCC_WARN_ABOUT_RETURN_TYPE = YES;
				GCC_WARN_UNINITIALIZED_AUTOS = YES;
				GCC_WARN_UNUSED_VARIABLE = YES;
				IPHONEOS_DEPLOYMENT_TARGET = 6.1;
				ONLY_ACTIVE_ARCH = YES;
				SDKROOT = iphoneos;
				TARGETED_DEVICE_FAMILY = "1,2";
			};
			name = Debug;
		};
		3188B18D16C9CE17008E1D7F /* Release */ = {
			isa = XCBuildConfiguration;
			buildSettings = {
				ALWAYS_SEARCH_USER_PATHS = NO;
				CLANG_CXX_LANGUAGE_STANDARD = "gnu++0x";
				CLANG_CXX_LIBRARY = "libc++";
				CLANG_ENABLE_OBJC_ARC = YES;
				CLANG_WARN_CONSTANT_CONVERSION = YES;
				CLANG_WARN_EMPTY_BODY = YES;
				CLANG_WARN_ENUM_CONVERSION = YES;
				CLANG_WARN_INT_CONVERSION = YES;
				CLANG_WARN__DUPLICATE_METHOD_MATCH = YES;
				"CODE_SIGN_IDENTITY[sdk=iphoneos*]" = "iPhone Developer";
				COPY_PHASE_STRIP = YES;
				GCC_C_LANGUAGE_STANDARD = gnu99;
				GCC_WARN_ABOUT_RETURN_TYPE = YES;
				GCC_WARN_UNINITIALIZED_AUTOS = YES;
				GCC_WARN_UNUSED_VARIABLE = YES;
				IPHONEOS_DEPLOYMENT_TARGET = 6.1;
				OTHER_CFLAGS = "-DNS_BLOCK_ASSERTIONS=1";
				SDKROOT = iphoneos;
				TARGETED_DEVICE_FAMILY = "1,2";
				VALIDATE_PRODUCT = YES;
			};
			name = Release;
		};
		3188B18F16C9CE17008E1D7F /* Debug */ = {
			isa = XCBuildConfiguration;
			buildSettings = {
				CODE_SIGN_ENTITLEMENTS = treads/treads.entitlements;
				FRAMEWORK_SEARCH_PATHS = (
					"$(inherited)",
					"\"$(SRCROOT)\"",
				);
				GCC_PRECOMPILE_PREFIX_HEADER = YES;
				GCC_PREFIX_HEADER = "Treads/treads-Prefix.pch";
				INFOPLIST_FILE = "Treads/treads-Info.plist";
				PRODUCT_NAME = treads;
				WRAPPER_EXTENSION = app;
			};
			name = Debug;
		};
		3188B19016C9CE17008E1D7F /* Release */ = {
			isa = XCBuildConfiguration;
			buildSettings = {
				CODE_SIGN_ENTITLEMENTS = treads/treads.entitlements;
				FRAMEWORK_SEARCH_PATHS = (
					"$(inherited)",
					"\"$(SRCROOT)\"",
				);
				GCC_PRECOMPILE_PREFIX_HEADER = YES;
				GCC_PREFIX_HEADER = "Treads/treads-Prefix.pch";
				INFOPLIST_FILE = "Treads/treads-Info.plist";
				PRODUCT_NAME = treads;
				WRAPPER_EXTENSION = app;
			};
			name = Release;
		};
/* End XCBuildConfiguration section */

/* Begin XCConfigurationList section */
		3188B15216C9CE17008E1D7F /* Build configuration list for PBXProject "treads" */ = {
			isa = XCConfigurationList;
			buildConfigurations = (
				3188B18C16C9CE17008E1D7F /* Debug */,
				3188B18D16C9CE17008E1D7F /* Release */,
			);
			defaultConfigurationIsVisible = 0;
			defaultConfigurationName = Release;
		};
		3188B18E16C9CE17008E1D7F /* Build configuration list for PBXNativeTarget "treads" */ = {
			isa = XCConfigurationList;
			buildConfigurations = (
				3188B18F16C9CE17008E1D7F /* Debug */,
				3188B19016C9CE17008E1D7F /* Release */,
			);
			defaultConfigurationIsVisible = 0;
			defaultConfigurationName = Release;
		};
/* End XCConfigurationList section */
	};
	rootObject = 3188B14F16C9CE17008E1D7F /* Project object */;
}
